
Microsoft Visual Studio Solution File, Format Version 12.00
# Visual Studio Version 17
VisualStudioVersion = 17.9.34714.143
MinimumVisualStudioVersion = 10.0.40219.1
Project("{9A19103F-16F7-4668-BE54-9A1E7A4F7556}") = "ConsoleAppForTesting", "ConsoleAppForTesting\ConsoleAppForTesting.csproj", "{553CAC1E-B790-4498-8229-52EC989B962F}"
EndProject
Project("{9A19103F-16F7-4668-BE54-9A1E7A4F7556}") = "ConsoleAppInNet5", "ConsoleAppInNet5\ConsoleAppInNet5.csproj", "{7F072443-C694-48EB-8741-429C4116CDB7}"
EndProject
Project("{9A19103F-16F7-4668-BE54-9A1E7A4F7556}") = "GreetingApp", "AskForFirstName\GreetingApp.csproj", "{9DA2A501-739E-4A63-8B8A-9E1B2C933611}"
EndProject
Project("{9A19103F-16F7-4668-BE54-9A1E7A4F7556}") = "StringVariables", "StringVariables\StringVariables.csproj", "{667068A7-829D-412E-831E-94851D97163C}"
EndProject
Project("{9A19103F-16F7-4668-BE54-9A1E7A4F7556}") = "IntVariables", "IntVariables\IntVariables.csproj", "{9BBFF865-6B4C-4BCE-A011-AE5F7F45474C}"
EndProject
Project("{9A19103F-16F7-4668-BE54-9A1E7A4F7556}") = "DoubleVariables", "DoubleVariables\DoubleVariables.csproj", "{B7EAD62F-773E-4337-A378-47AF96F93B0C}"
EndProject
Project("{9A19103F-16F7-4668-BE54-9A1E7A4F7556}") = "DecimalVariables", "DecimalVariables\DecimalVariables.csproj", "{E1D073D2-D2A4-4B22-A184-5A4DBB4FAE3D}"
EndProject
Project("{9A19103F-16F7-4668-BE54-9A1E7A4F7556}") = "BooleanVariables", "BooleanVariables\BooleanVariables.csproj", "{6E135F9C-FC24-40A8-98DB-9F0292A26060}"
EndProject
Project("{9A19103F-16F7-4668-BE54-9A1E7A4F7556}") = "NullVariables", "NullVariables\NullVariables.csproj", "{9E3D0DBC-1725-4A74-9EF0-C91F23D7A02A}"
EndProject
Project("{9A19103F-16F7-4668-BE54-9A1E7A4F7556}") = "Homework1", "Homework1\Homework1.csproj", "{BB7643B8-6292-4802-AE37-5862F2FFAB53}"
EndProject
Project("{9A19103F-16F7-4668-BE54-9A1E7A4F7556}") = "DateTimeVariables", "DateTimeVariables\DateTimeVariables.csproj", "{8ABE543A-A61B-4567-A64D-D8F7D5DE9C2B}"
EndProject
Project("{9A19103F-16F7-4668-BE54-9A1E7A4F7556}") = "DateOnlyVariables", "DateOnlyVariables\DateOnlyVariables.csproj", "{10D1C0B3-958C-47F7-9117-3194142ECCE1}"
EndProject
Project("{9A19103F-16F7-4668-BE54-9A1E7A4F7556}") = "TimeOnlyVariables", "TimeOnlyVariables\TimeOnlyVariables.csproj", "{9A2071A6-91EB-4B3F-9B80-B3E1C406D2E8}"
EndProject
Project("{9A19103F-16F7-4668-BE54-9A1E7A4F7556}") = "TypeConversions", "TypeConversions\TypeConversions.csproj", "{6FF3DC94-F8DA-4C7A-A522-20BBC603D597}"
EndProject
Project("{9A19103F-16F7-4668-BE54-9A1E7A4F7556}") = "AgeCalculator", "AgeCalculator\AgeCalculator.csproj", "{7604682C-BD8A-44AA-A8C3-99FDE69A149B}"
EndProject
Project("{9A19103F-16F7-4668-BE54-9A1E7A4F7556}") = "BasicIf", "BasicIf\BasicIf.csproj", "{D5F896D7-E75F-41FA-816E-E3D937A15F93}"
EndProject
Project("{9A19103F-16F7-4668-BE54-9A1E7A4F7556}") = "AdvancedIf", "AdvancedIf\AdvancedIf.csproj", "{61B59BF8-FEF1-4848-8A9F-C9AA1029E8EB}"
EndProject
Project("{9A19103F-16F7-4668-BE54-9A1E7A4F7556}") = "SwitchDemo", "SwitchDemo\SwitchDemo.csproj", "{12F6CD1A-07A0-4121-8C9C-B508BF2893F9}"
EndProject
Project("{9A19103F-16F7-4668-BE54-9A1E7A4F7556}") = "Homework2", "Homework2\Homework2.csproj", "{85712924-D1F6-47A3-B7AE-F90A4D8FF7E9}"
EndProject
Project("{9A19103F-16F7-4668-BE54-9A1E7A4F7556}") = "Homework3", "Homework3\Homework3.csproj", "{BE00B956-0746-41DE-80C6-7DED35EBB3E2}"
EndProject
Project("{9A19103F-16F7-4668-BE54-9A1E7A4F7556}") = "DoLoop", "DoLoop\DoLoop.csproj", "{EBC3B2C5-9872-4423-9A64-D33D69D148EC}"
EndProject
Project("{9A19103F-16F7-4668-BE54-9A1E7A4F7556}") = "Arrays", "Arrays\Arrays.csproj", "{181D7709-7833-465F-B48D-BC6DF0D6D380}"
EndProject
Project("{9A19103F-16F7-4668-BE54-9A1E7A4F7556}") = "Homework4", "Homework4\Homework4.csproj", "{87A4986E-59F6-4E68-9A4F-9106285A4183}"
EndProject
Project("{9A19103F-16F7-4668-BE54-9A1E7A4F7556}") = "Lists", "Lists\Lists.csproj", "{C45036F7-F667-4A21-8D2B-DE3C52CAA2F5}"
EndProject
Project("{9A19103F-16F7-4668-BE54-9A1E7A4F7556}") = "Homework5", "Homework5\Homework5.csproj", "{5A0F8BD6-370F-46ED-9EF0-E49893D82605}"
EndProject
Project("{9A19103F-16F7-4668-BE54-9A1E7A4F7556}") = "Dictionaries", "Dictionaries\Dictionaries.csproj", "{F817C129-9919-4310-9069-0EE6EA2D6ABA}"
EndProject
Project("{9A19103F-16F7-4668-BE54-9A1E7A4F7556}") = "Homework6", "Homework6\Homework6.csproj", "{566439AA-1CA8-4E3F-8BDA-EC15DE94EEC7}"
EndProject
Project("{9A19103F-16F7-4668-BE54-9A1E7A4F7556}") = "ForLoops", "ForLoops\ForLoops.csproj", "{566185E8-3283-43FC-8C45-926BF57503C3}"
EndProject
Project("{9A19103F-16F7-4668-BE54-9A1E7A4F7556}") = "Homework7", "Homework7\Homework7.csproj", "{1D9AEDCA-5899-41CD-925B-540BBB904B95}"
EndProject
Project("{9A19103F-16F7-4668-BE54-9A1E7A4F7556}") = "ForEachLoops", "ForEachLoops\ForEachLoops.csproj", "{CF8B58E7-96AA-4F64-99C1-DCB67797FB72}"
EndProject
Project("{9A19103F-16F7-4668-BE54-9A1E7A4F7556}") = "Homework8", "Homework8\Homework8.csproj", "{88DF6957-0A5D-41FF-9783-11FC2286096B}"
EndProject
Project("{9A19103F-16F7-4668-BE54-9A1E7A4F7556}") = "Methods", "Methods\Methods.csproj", "{F7F36BAD-5157-452A-80D8-1A68B7973E31}"
EndProject
Project("{9A19103F-16F7-4668-BE54-9A1E7A4F7556}") = "HomeworkMethods", "HomeworkMethods\HomeworkMethods.csproj", "{B9295FB9-FBEC-4A75-9520-F44F41D91E74}"
EndProject
Project("{9A19103F-16F7-4668-BE54-9A1E7A4F7556}") = "GuestBook", "GuestBook\GuestBook.csproj", "{100F3B3F-4030-48DD-97AD-3CF8E85D8A35}"
EndProject
Project("{FAE04EC0-301F-11D3-BF4B-00C04F79EFBC}") = "ConsoleUI", "ConsoleUI\ConsoleUI.csproj", "{F05D984F-1D16-43E7-BA90-6F6B570EC570}"
EndProject
Project("{FAE04EC0-301F-11D3-BF4B-00C04F79EFBC}") = "Homework10", "Homework10\Homework10.csproj", "{488DEE01-434F-442B-AAF8-513FF697F60E}"
EndProject
Project("{FAE04EC0-301F-11D3-BF4B-00C04F79EFBC}") = "ExceptionHandlingDemo", "ExceptionHandlingDemo\ExceptionHandlingDemo.csproj", "{B622B07F-9519-4923-A305-EEED23998D5D}"
EndProject
Project("{FAE04EC0-301F-11D3-BF4B-00C04F79EFBC}") = "Homework11", "Homework11\Homework11.csproj", "{B204F716-36B8-4AEA-9234-DD7A761DA0B2}"
EndProject
Project("{FAE04EC0-301F-11D3-BF4B-00C04F79EFBC}") = "ConsoleUI2", "ConsoleUI2\ConsoleUI2.csproj", "{B7A79A93-7A29-497C-A19B-44C04B0DB06E}"
EndProject
Project("{9A19103F-16F7-4668-BE54-9A1E7A4F7556}") = "EmailSenderTest", "EmailSenderTest\EmailSenderTest.csproj", "{CD17CDC1-11D5-465F-96E6-5868CD12317C}"
EndProject
Project("{9A19103F-16F7-4668-BE54-9A1E7A4F7556}") = "Homework12", "Homework12\Homework12.csproj", "{E158EBDE-D355-479A-B499-393F871FC7B7}"
EndProject
Project("{9A19103F-16F7-4668-BE54-9A1E7A4F7556}") = "AdvancedBreakpoints", "AdvancedBreakpoints\AdvancedBreakpoints.csproj", "{F7A05B18-9742-45DF-B51D-CF34F0A4D7CF}"
EndProject
Project("{9A19103F-16F7-4668-BE54-9A1E7A4F7556}") = "Homework13", "Homework13\Homework13.csproj", "{4E2E18D9-1816-4916-A1AE-794CAA16A6CA}"
EndProject
Project("{9A19103F-16F7-4668-BE54-9A1E7A4F7556}") = "ConsoleUIOOP", "ConsoleUIOOP\ConsoleUIOOP.csproj", "{079229C5-1BAD-482F-9840-09ACA3668A6A}"
EndProject
Project("{9A19103F-16F7-4668-BE54-9A1E7A4F7556}") = "ConsoleUIIstantiated", "ConsoleUIIstantiated\ConsoleUIIstantiated.csproj", "{2DE7EC3B-E756-4ADD-8E13-4E58799E95A9}"
EndProject
Project("{9A19103F-16F7-4668-BE54-9A1E7A4F7556}") = "Homework14", "Homework14\Homework14.csproj", "{B2D7C6AF-B062-4A2B-B34D-3AB49E965383}"
EndProject
Project("{9A19103F-16F7-4668-BE54-9A1E7A4F7556}") = "ConsoleUIPropTypes", "ConsoleUIPropTypes\ConsoleUIPropTypes.csproj", "{258333C8-273E-4AA0-99B3-AD1EBB713CAE}"
EndProject
Project("{9A19103F-16F7-4668-BE54-9A1E7A4F7556}") = "HomeWork15", "HomeWork15\HomeWork15.csproj", "{CE2B8B1C-26A8-45AB-8B87-9012A7D5B147}"
EndProject
Project("{9A19103F-16F7-4668-BE54-9A1E7A4F7556}") = "ConsoleUINamespaceDemo", "ConsoleUINamespaceDemo\ConsoleUINamespaceDemo.csproj", "{CEEA17C6-8E0D-4B14-AA22-6B7C77095484}"
EndProject
Project("{FAE04EC0-301F-11D3-BF4B-00C04F79EFBC}") = "DemoLibrary", "DemoLibrary\DemoLibrary.csproj", "{98187545-F633-4F13-B244-2C700A809360}"
EndProject
Project("{2150E333-8FDC-42A3-9474-1A3956D46DE8}") = "ClassLibraryExample", "ClassLibraryExample", "{A4E85B80-FEEA-4340-A7D8-0AEBC2C1222F}"
EndProject
Project("{FAE04EC0-301F-11D3-BF4B-00C04F79EFBC}") = "ConsoleUI", "ClasLibraryExample\ConsoleUI\ConsoleUI.csproj", "{892FE17B-3517-4260-AD85-3BB14F59CD97}"
EndProject
Project("{2150E333-8FDC-42A3-9474-1A3956D46DE8}") = "ClassLibraries", "ClassLibraries", "{E894442D-4655-48CA-BC06-2F9DF26A0ED4}"
EndProject
Project("{9A19103F-16F7-4668-BE54-9A1E7A4F7556}") = "ValidationLibrary", "Validators\ValidationLibrary.csproj", "{C6764065-CB83-41A3-9E05-6B2FCA6980C2}"
EndProject
Project("{9A19103F-16F7-4668-BE54-9A1E7A4F7556}") = "GuestBookLibrary", "GuestBookLibrary\GuestBookLibrary.csproj", "{671F7BE1-BE9C-4F58-BECC-C474ADDB5AB8}"
EndProject
Project("{9A19103F-16F7-4668-BE54-9A1E7A4F7556}") = "BetterGuestBookApp", "BetterGuestBookApp\BetterGuestBookApp.csproj", "{C24F5297-1C01-4432-B0AB-4D2F77044872}"
EndProject
Project("{9A19103F-16F7-4668-BE54-9A1E7A4F7556}") = "BattleShipGame", "BattleShipApp\BattleShipGame.csproj", "{3A027CAB-9238-4ACE-800B-6A2156D619BE}"
EndProject
Project("{9A19103F-16F7-4668-BE54-9A1E7A4F7556}") = "GameLibrary", "GameLibrary\GameLibrary.csproj", "{AF1F6237-8063-4C4F-8D02-08294688D290}"
EndProject
Project("{FAE04EC0-301F-11D3-BF4B-00C04F79EFBC}") = "InheritanceDemo", "InheritanceDemo\InheritanceDemo.csproj", "{47F0E34D-791F-48CA-BF4A-0A193C43CD3C}"
EndProject
Project("{9A19103F-16F7-4668-BE54-9A1E7A4F7556}") = "Homework16", "Homework16\Homework16.csproj", "{A132585E-A3B7-4CD9-A606-1B6C57EBF023}"
EndProject
Project("{9A19103F-16F7-4668-BE54-9A1E7A4F7556}") = "InterfaceDemo", "InterfaceDemo\InterfaceDemo.csproj", "{07E4E528-C4FF-450E-BDD8-4AF0C2634AFE}"
EndProject
Project("{9A19103F-16F7-4668-BE54-9A1E7A4F7556}") = "Homework17", "Homework17\Homework17.csproj", "{38549BC0-C108-4D2E-956D-2578FCCBEF19}"
EndProject
Project("{FAE04EC0-301F-11D3-BF4B-00C04F79EFBC}") = "InheritanceMiniProject", "InheritanceMiniProject\InheritanceMiniProject.csproj", "{22903B29-E352-4E92-A612-CE95FF22A127}"
EndProject
Project("{9A19103F-16F7-4668-BE54-9A1E7A4F7556}") = "Homework18", "Homework18\Homework18.csproj", "{3FFF04F3-D1F9-4214-AA0B-B043F3964523}"
EndProject
Project("{FAE04EC0-301F-11D3-BF4B-00C04F79EFBC}") = "AccessModifiers", "AccessModifiers\AccessModifiers.csproj", "{E9627D5D-E71C-4303-BC35-8F2B86802059}"
EndProject
Project("{FAE04EC0-301F-11D3-BF4B-00C04F79EFBC}") = "AMDemoLibrary", "ClassLibraries\AMDemoLibrary\AMDemoLibrary.csproj", "{BFD7CC87-3C17-4BC6-9E45-CA9D586BE53E}"
EndProject
Project("{FAE04EC0-301F-11D3-BF4B-00C04F79EFBC}") = "AbstractClasses", "AbstractClasses\AbstractClasses.csproj", "{152C9187-6AE1-4CD9-B41B-41EE1B03A06F}"
EndProject
Project("{FAE04EC0-301F-11D3-BF4B-00C04F79EFBC}") = "Homework19", "Homework19\Homework19.csproj", "{05A064E0-C434-407D-BD6C-A42D3D2F3847}"
EndProject
Project("{FAE04EC0-301F-11D3-BF4B-00C04F79EFBC}") = "MethodOverridingDemo", "MethodOverridingDemo\MethodOverridingDemo.csproj", "{13830610-B98F-4608-81F6-C11826F119B8}"
EndProject
Project("{FAE04EC0-301F-11D3-BF4B-00C04F79EFBC}") = "CardGameUI", "CardGameUI\CardGameUI.csproj", "{5851E33C-91E9-4FDD-B1AD-03EDC8A70061}"
EndProject
Project("{FAE04EC0-301F-11D3-BF4B-00C04F79EFBC}") = "MethodOverload", "MethodOverload\MethodOverload.csproj", "{D05F5337-E1EA-4720-8E9C-B12D8888987A}"
EndProject
Project("{FAE04EC0-301F-11D3-BF4B-00C04F79EFBC}") = "Homework20", "Homework20\Homework20.csproj", "{C7D1AD62-0554-4FE2-95F3-908A77A94022}"
EndProject
Project("{FAE04EC0-301F-11D3-BF4B-00C04F79EFBC}") = "ExtensionMethods", "ExtensionMethods\ExtensionMethods.csproj", "{10B198BE-172D-4F07-8906-82724A760376}"
EndProject
Project("{FAE04EC0-301F-11D3-BF4B-00C04F79EFBC}") = "Homework21", "Homework21\Homework21.csproj", "{52250204-C58B-42A4-91D1-13C472C8C939}"
EndProject
Project("{FAE04EC0-301F-11D3-BF4B-00C04F79EFBC}") = "ExtensionMethodMiniProject", "ExtensionMethodMiniProject\ExtensionMethodMiniProject.csproj", "{C6407DEF-7A8D-4E31-9294-B9211DC9BC1D}"
EndProject
Project("{FAE04EC0-301F-11D3-BF4B-00C04F79EFBC}") = "Homework22", "Homework22\Homework22.csproj", "{9F5BF6FD-458B-4D4E-ADDF-E1C800B10DA1}"
EndProject
Project("{FAE04EC0-301F-11D3-BF4B-00C04F79EFBC}") = "GenericsDemo", "GenericsDemo\GenericsDemo.csproj", "{09C67CE7-91A8-417A-9BCB-9926D5AC0F76}"
EndProject
Project("{FAE04EC0-301F-11D3-BF4B-00C04F79EFBC}") = "Homework23", "Homework23\Homework23.csproj", "{0C9FB50E-8406-4F14-98DA-AE7E6D1C55FE}"
EndProject
Project("{FAE04EC0-301F-11D3-BF4B-00C04F79EFBC}") = "EventDemo", "EventDemo\EventDemo.csproj", "{8795FE1D-0CFD-462A-B779-1749BE07EBCD}"
EndProject
Project("{FAE04EC0-301F-11D3-BF4B-00C04F79EFBC}") = "Homework24", "Homework24\Homework24.csproj", "{D8C051DC-540C-4607-89A4-8FFA5BC7635A}"
EndProject
Project("{9A19103F-16F7-4668-BE54-9A1E7A4F7556}") = "TestingEvents", "TestingEvents\TestingEvents.csproj", "{AD67A45D-86A2-4C55-A6C6-98C6FE13D04E}"
EndProject
Project("{FAE04EC0-301F-11D3-BF4B-00C04F79EFBC}") = "WrapUpDemo", "WrapUpDemo\WrapUpDemo.csproj", "{8CC99A98-54C0-4EA3-BC75-CE09646AEEFD}"
EndProject
Project("{9A19103F-16F7-4668-BE54-9A1E7A4F7556}") = "ClassLibraryDemo", "ClassLibraryDemo\ClassLibraryDemo.csproj", "{855A8C1E-370F-48CF-9C2B-D5A40C6653FB}"
EndProject
Project("{FAE04EC0-301F-11D3-BF4B-00C04F79EFBC}") = "FrameworkLibrary", "ClassLibraryFramework\FrameworkLibrary.csproj", "{5B90C4B4-B884-4ED4-8F29-8B7F8345F09E}"
EndProject
Project("{9A19103F-16F7-4668-BE54-9A1E7A4F7556}") = "CoreLibrary", "CoreLibrary\CoreLibrary.csproj", "{E4C574C2-A668-4555-B2EC-C4E51C0CA222}"
EndProject
Project("{9A19103F-16F7-4668-BE54-9A1E7A4F7556}") = "UnitTestDemoLibrary", "UnitTestDemoLibrary\UnitTestDemoLibrary.csproj", "{0B59314F-68FC-40FE-859F-41BE22550E55}"
EndProject
Project("{9A19103F-16F7-4668-BE54-9A1E7A4F7556}") = "UnitTestDemoLibrary.Tests", "UnitTestDemoLibrary.Tests\UnitTestDemoLibrary.Tests.csproj", "{AEDA57E1-4994-4121-B79E-2F89DF211B2F}"
EndProject
Project("{9A19103F-16F7-4668-BE54-9A1E7A4F7556}") = "Homework25.Tests", "Homework25\Homework25.Tests.csproj", "{C1546585-9AAB-4802-AF82-299A9419C3E5}"
EndProject
Project("{9A19103F-16F7-4668-BE54-9A1E7A4F7556}") = "CalculatorLibrary", "CalculatorLibrary\CalculatorLibrary.csproj", "{A5967F0A-A961-4866-8D04-18D5B9A05830}"
EndProject
Project("{9A19103F-16F7-4668-BE54-9A1E7A4F7556}") = "Calculator.Tests", "Calculator.Tests\Calculator.Tests.csproj", "{32643020-5D60-4C26-B005-23154592B539}"
EndProject
Project("{FAE04EC0-301F-11D3-BF4B-00C04F79EFBC}") = "MessageWall", "MessageWall\MessageWall.csproj", "{315CD2B3-F239-452E-A9DC-AE78023855D2}"
EndProject
Project("{9A19103F-16F7-4668-BE54-9A1E7A4F7556}") = "WPFMessageWall", "WPFMessageWall\WPFMessageWall.csproj", "{E551F96E-9D97-44F4-AF10-AB9DEC9E7D68}"
EndProject
Project("{9A19103F-16F7-4668-BE54-9A1E7A4F7556}") = "RazorMessageWall2", "RazorMessageWall2\RazorMessageWall2.csproj", "{2D474E1A-36B0-4343-9FF0-D5BBFFFD31B9}"
EndProject
Project("{9A19103F-16F7-4668-BE54-9A1E7A4F7556}") = "MiniProjectRazor", "MiniProjectRazor\MiniProjectRazor.csproj", "{F5C605F1-BC9C-4745-BCB2-0C0C13C845B5}"
EndProject
Project("{9A19103F-16F7-4668-BE54-9A1E7A4F7556}") = "MessageWallAPI", "MessageWallAPI\MessageWallAPI.csproj", "{22DCCBC6-A0AC-4B13-8C51-3A8309442273}"
EndProject
Project("{9A19103F-16F7-4668-BE54-9A1E7A4F7556}") = "Homework26", "Homework26\Homework26.csproj", "{D31CEF4B-62D7-4E55-A6A4-060C8F36828D}"
EndProject
Project("{9A19103F-16F7-4668-BE54-9A1E7A4F7556}") = "Homework27", "Homework27\Homework27.csproj", "{21722CDC-0BBC-4D59-A145-71E0141AC4FB}"
EndProject
Project("{9A19103F-16F7-4668-BE54-9A1E7A4F7556}") = "BlazorServerMessageWall", "BlazorServerMessageWall\BlazorServerMessageWall.csproj", "{C8226A2F-3ECE-4277-925E-FBEC89D40D83}"
EndProject
Project("{9A19103F-16F7-4668-BE54-9A1E7A4F7556}") = "BlazorMiniProject", "BlazorMiniProject\BlazorMiniProject.csproj", "{34CF72D1-B47F-4869-9CC0-C4E9B7609E31}"
EndProject
Project("{9A19103F-16F7-4668-BE54-9A1E7A4F7556}") = "SimpleWasm2", "SimpleWasm2\SimpleWasm2.csproj", "{1D9DBC52-54A0-4A77-ACD1-BC31F4C0664D}"
EndProject
Project("{9A19103F-16F7-4668-BE54-9A1E7A4F7556}") = "ProgressiveWasm", "ProgressiveWasm\ProgressiveWasm.csproj", "{C5C946B8-754F-455D-9D64-8CD451871776}"
EndProject
Project("{9A19103F-16F7-4668-BE54-9A1E7A4F7556}") = "SQLServerUI", "SQLServerUI\SQLServerUI.csproj", "{CCAADDFB-94F7-42D9-9C92-745F4857A777}"
EndProject
Project("{9A19103F-16F7-4668-BE54-9A1E7A4F7556}") = "DataAccessLibrary", "DataAccessLibrary\DataAccessLibrary.csproj", "{3912AF94-2632-4791-9B64-893E4C99707F}"
EndProject
Project("{00D1A9C2-B5F0-4AF3-8072-F6C62B433612}") = "SQLContactsDB", "SQLContactsDB\SQLContactsDB.sqlproj", "{C84A3886-C653-4D87-8E8F-3C7AE7A6FD1E}"
EndProject
Project("{9A19103F-16F7-4668-BE54-9A1E7A4F7556}") = "SQLITEUI", "SQLITEUI\SQLITEUI.csproj", "{29456E71-A4AF-4A72-B3A5-AD339D44544E}"
EndProject
Project("{9A19103F-16F7-4668-BE54-9A1E7A4F7556}") = "MySQLUI", "MySQLUI\MySQLUI.csproj", "{47836B84-CB46-496C-8229-17A342A780D4}"
EndProject
Project("{9A19103F-16F7-4668-BE54-9A1E7A4F7556}") = "MongoDbUI", "MongoDbUI\MongoDbUI.csproj", "{71879872-75D5-4B80-BAD2-70C57B5535C1}"
EndProject
Project("{9A19103F-16F7-4668-BE54-9A1E7A4F7556}") = "DataAccessNoSQLLibrary", "DataAccessNoSQLLibrary\DataAccessNoSQLLibrary.csproj", "{99FC415A-1712-47F7-ABB6-54C733123C8F}"
EndProject
Project("{2150E333-8FDC-42A3-9474-1A3956D46DE8}") = "Homework", "Homework", "{138E5B1D-F539-4132-88D2-E3992778B19F}"
EndProject
Project("{2150E333-8FDC-42A3-9474-1A3956D46DE8}") = "DbProjects", "DbProjects", "{4F081839-1BD5-4F35-8AFB-8577AC64C36C}"
EndProject
Project("{2150E333-8FDC-42A3-9474-1A3956D46DE8}") = "WebApps", "WebApps", "{093F3B51-F66B-4BF3-B38B-FC1F85832D41}"
EndProject
Project("{2150E333-8FDC-42A3-9474-1A3956D46DE8}") = "BasicStructures", "BasicStructures", "{223A958A-4E48-4616-8D43-9D7B2C976E53}"
EndProject
Project("{2150E333-8FDC-42A3-9474-1A3956D46DE8}") = "MiniApps", "MiniApps", "{58C15618-C6EE-4A83-AAF5-5615A2D1D49C}"
EndProject
Project("{2150E333-8FDC-42A3-9474-1A3956D46DE8}") = "Testing", "Testing", "{2745F794-94BA-4E12-B6F5-77FD9563C0E7}"
EndProject
Project("{2150E333-8FDC-42A3-9474-1A3956D46DE8}") = "Misc", "Misc", "{DABFC529-1B23-446A-BECF-AC42EC8F61DB}"
EndProject
Project("{9A19103F-16F7-4668-BE54-9A1E7A4F7556}") = "CosmosDbUI", "CosmosDbUI\CosmosDbUI.csproj", "{809347F6-F67C-480E-8FD9-81D43F1C368C}"
EndProject
Project("{9A19103F-16F7-4668-BE54-9A1E7A4F7556}") = "TextFilesUI", "TextFilesUI\TextFilesUI.csproj", "{E981633F-AD52-4E17-9535-F6BF685AFC3A}"
EndProject
Project("{9A19103F-16F7-4668-BE54-9A1E7A4F7556}") = "TextDataAccessLibrary", "TextDataAccessLibrary\TextDataAccessLibrary.csproj", "{5C7B3EDC-3861-4438-96E3-B3285D2926B0}"
EndProject
Project("{2150E333-8FDC-42A3-9474-1A3956D46DE8}") = "ApiSolution", "ApiSolution", "{CAF64126-369B-4978-9846-C7FDD2738925}"
EndProject
Project("{9A19103F-16F7-4668-BE54-9A1E7A4F7556}") = "DemoApi", "DemoApi\DemoApi.csproj", "{A50F3901-F854-46C9-B9C3-5EF2769F7173}"
EndProject
Project("{FAE04EC0-301F-11D3-BF4B-00C04F79EFBC}") = "ApiDBUI", "ApiDBUI\ApiDBUI.csproj", "{88945D6D-2A31-4713-BE71-40CEA14413CF}"
EndProject
Project("{FAE04EC0-301F-11D3-BF4B-00C04F79EFBC}") = "LinqUI", "LinqUI\LinqUI.csproj", "{783F3B12-F2A1-44CD-B5B4-FCF52B83FB6A}"
EndProject
Project("{FAE04EC0-301F-11D3-BF4B-00C04F79EFBC}") = "EFConsoleUI", "EFConsoleUI\EFConsoleUI.csproj", "{0979953F-76C6-4384-A48C-7C95F604E08D}"
EndProject
Global
	GlobalSection(SolutionConfigurationPlatforms) = preSolution
		Debug|Any CPU = Debug|Any CPU
		Release|Any CPU = Release|Any CPU
	EndGlobalSection
	GlobalSection(ProjectConfigurationPlatforms) = postSolution
		{553CAC1E-B790-4498-8229-52EC989B962F}.Debug|Any CPU.ActiveCfg = Debug|Any CPU
		{553CAC1E-B790-4498-8229-52EC989B962F}.Debug|Any CPU.Build.0 = Debug|Any CPU
		{553CAC1E-B790-4498-8229-52EC989B962F}.Release|Any CPU.ActiveCfg = Release|Any CPU
		{553CAC1E-B790-4498-8229-52EC989B962F}.Release|Any CPU.Build.0 = Release|Any CPU
		{7F072443-C694-48EB-8741-429C4116CDB7}.Debug|Any CPU.ActiveCfg = Debug|Any CPU
		{7F072443-C694-48EB-8741-429C4116CDB7}.Debug|Any CPU.Build.0 = Debug|Any CPU
		{7F072443-C694-48EB-8741-429C4116CDB7}.Release|Any CPU.ActiveCfg = Release|Any CPU
		{7F072443-C694-48EB-8741-429C4116CDB7}.Release|Any CPU.Build.0 = Release|Any CPU
		{9DA2A501-739E-4A63-8B8A-9E1B2C933611}.Debug|Any CPU.ActiveCfg = Debug|Any CPU
		{9DA2A501-739E-4A63-8B8A-9E1B2C933611}.Debug|Any CPU.Build.0 = Debug|Any CPU
		{9DA2A501-739E-4A63-8B8A-9E1B2C933611}.Release|Any CPU.ActiveCfg = Release|Any CPU
		{9DA2A501-739E-4A63-8B8A-9E1B2C933611}.Release|Any CPU.Build.0 = Release|Any CPU
		{667068A7-829D-412E-831E-94851D97163C}.Debug|Any CPU.ActiveCfg = Debug|Any CPU
		{667068A7-829D-412E-831E-94851D97163C}.Debug|Any CPU.Build.0 = Debug|Any CPU
		{667068A7-829D-412E-831E-94851D97163C}.Release|Any CPU.ActiveCfg = Release|Any CPU
		{667068A7-829D-412E-831E-94851D97163C}.Release|Any CPU.Build.0 = Release|Any CPU
		{9BBFF865-6B4C-4BCE-A011-AE5F7F45474C}.Debug|Any CPU.ActiveCfg = Debug|Any CPU
		{9BBFF865-6B4C-4BCE-A011-AE5F7F45474C}.Debug|Any CPU.Build.0 = Debug|Any CPU
		{9BBFF865-6B4C-4BCE-A011-AE5F7F45474C}.Release|Any CPU.ActiveCfg = Release|Any CPU
		{9BBFF865-6B4C-4BCE-A011-AE5F7F45474C}.Release|Any CPU.Build.0 = Release|Any CPU
		{B7EAD62F-773E-4337-A378-47AF96F93B0C}.Debug|Any CPU.ActiveCfg = Debug|Any CPU
		{B7EAD62F-773E-4337-A378-47AF96F93B0C}.Debug|Any CPU.Build.0 = Debug|Any CPU
		{B7EAD62F-773E-4337-A378-47AF96F93B0C}.Release|Any CPU.ActiveCfg = Release|Any CPU
		{B7EAD62F-773E-4337-A378-47AF96F93B0C}.Release|Any CPU.Build.0 = Release|Any CPU
		{E1D073D2-D2A4-4B22-A184-5A4DBB4FAE3D}.Debug|Any CPU.ActiveCfg = Debug|Any CPU
		{E1D073D2-D2A4-4B22-A184-5A4DBB4FAE3D}.Debug|Any CPU.Build.0 = Debug|Any CPU
		{E1D073D2-D2A4-4B22-A184-5A4DBB4FAE3D}.Release|Any CPU.ActiveCfg = Release|Any CPU
		{E1D073D2-D2A4-4B22-A184-5A4DBB4FAE3D}.Release|Any CPU.Build.0 = Release|Any CPU
		{6E135F9C-FC24-40A8-98DB-9F0292A26060}.Debug|Any CPU.ActiveCfg = Debug|Any CPU
		{6E135F9C-FC24-40A8-98DB-9F0292A26060}.Debug|Any CPU.Build.0 = Debug|Any CPU
		{6E135F9C-FC24-40A8-98DB-9F0292A26060}.Release|Any CPU.ActiveCfg = Release|Any CPU
		{6E135F9C-FC24-40A8-98DB-9F0292A26060}.Release|Any CPU.Build.0 = Release|Any CPU
		{9E3D0DBC-1725-4A74-9EF0-C91F23D7A02A}.Debug|Any CPU.ActiveCfg = Debug|Any CPU
		{9E3D0DBC-1725-4A74-9EF0-C91F23D7A02A}.Debug|Any CPU.Build.0 = Debug|Any CPU
		{9E3D0DBC-1725-4A74-9EF0-C91F23D7A02A}.Release|Any CPU.ActiveCfg = Release|Any CPU
		{9E3D0DBC-1725-4A74-9EF0-C91F23D7A02A}.Release|Any CPU.Build.0 = Release|Any CPU
		{BB7643B8-6292-4802-AE37-5862F2FFAB53}.Debug|Any CPU.ActiveCfg = Debug|Any CPU
		{BB7643B8-6292-4802-AE37-5862F2FFAB53}.Debug|Any CPU.Build.0 = Debug|Any CPU
		{BB7643B8-6292-4802-AE37-5862F2FFAB53}.Release|Any CPU.ActiveCfg = Release|Any CPU
		{BB7643B8-6292-4802-AE37-5862F2FFAB53}.Release|Any CPU.Build.0 = Release|Any CPU
		{8ABE543A-A61B-4567-A64D-D8F7D5DE9C2B}.Debug|Any CPU.ActiveCfg = Debug|Any CPU
		{8ABE543A-A61B-4567-A64D-D8F7D5DE9C2B}.Debug|Any CPU.Build.0 = Debug|Any CPU
		{8ABE543A-A61B-4567-A64D-D8F7D5DE9C2B}.Release|Any CPU.ActiveCfg = Release|Any CPU
		{8ABE543A-A61B-4567-A64D-D8F7D5DE9C2B}.Release|Any CPU.Build.0 = Release|Any CPU
		{10D1C0B3-958C-47F7-9117-3194142ECCE1}.Debug|Any CPU.ActiveCfg = Debug|Any CPU
		{10D1C0B3-958C-47F7-9117-3194142ECCE1}.Debug|Any CPU.Build.0 = Debug|Any CPU
		{10D1C0B3-958C-47F7-9117-3194142ECCE1}.Release|Any CPU.ActiveCfg = Release|Any CPU
		{10D1C0B3-958C-47F7-9117-3194142ECCE1}.Release|Any CPU.Build.0 = Release|Any CPU
		{9A2071A6-91EB-4B3F-9B80-B3E1C406D2E8}.Debug|Any CPU.ActiveCfg = Debug|Any CPU
		{9A2071A6-91EB-4B3F-9B80-B3E1C406D2E8}.Debug|Any CPU.Build.0 = Debug|Any CPU
		{9A2071A6-91EB-4B3F-9B80-B3E1C406D2E8}.Release|Any CPU.ActiveCfg = Release|Any CPU
		{9A2071A6-91EB-4B3F-9B80-B3E1C406D2E8}.Release|Any CPU.Build.0 = Release|Any CPU
		{6FF3DC94-F8DA-4C7A-A522-20BBC603D597}.Debug|Any CPU.ActiveCfg = Debug|Any CPU
		{6FF3DC94-F8DA-4C7A-A522-20BBC603D597}.Debug|Any CPU.Build.0 = Debug|Any CPU
		{6FF3DC94-F8DA-4C7A-A522-20BBC603D597}.Release|Any CPU.ActiveCfg = Release|Any CPU
		{6FF3DC94-F8DA-4C7A-A522-20BBC603D597}.Release|Any CPU.Build.0 = Release|Any CPU
		{7604682C-BD8A-44AA-A8C3-99FDE69A149B}.Debug|Any CPU.ActiveCfg = Debug|Any CPU
		{7604682C-BD8A-44AA-A8C3-99FDE69A149B}.Debug|Any CPU.Build.0 = Debug|Any CPU
		{7604682C-BD8A-44AA-A8C3-99FDE69A149B}.Release|Any CPU.ActiveCfg = Release|Any CPU
		{7604682C-BD8A-44AA-A8C3-99FDE69A149B}.Release|Any CPU.Build.0 = Release|Any CPU
		{D5F896D7-E75F-41FA-816E-E3D937A15F93}.Debug|Any CPU.ActiveCfg = Debug|Any CPU
		{D5F896D7-E75F-41FA-816E-E3D937A15F93}.Debug|Any CPU.Build.0 = Debug|Any CPU
		{D5F896D7-E75F-41FA-816E-E3D937A15F93}.Release|Any CPU.ActiveCfg = Release|Any CPU
		{D5F896D7-E75F-41FA-816E-E3D937A15F93}.Release|Any CPU.Build.0 = Release|Any CPU
		{61B59BF8-FEF1-4848-8A9F-C9AA1029E8EB}.Debug|Any CPU.ActiveCfg = Debug|Any CPU
		{61B59BF8-FEF1-4848-8A9F-C9AA1029E8EB}.Debug|Any CPU.Build.0 = Debug|Any CPU
		{61B59BF8-FEF1-4848-8A9F-C9AA1029E8EB}.Release|Any CPU.ActiveCfg = Release|Any CPU
		{61B59BF8-FEF1-4848-8A9F-C9AA1029E8EB}.Release|Any CPU.Build.0 = Release|Any CPU
		{12F6CD1A-07A0-4121-8C9C-B508BF2893F9}.Debug|Any CPU.ActiveCfg = Debug|Any CPU
		{12F6CD1A-07A0-4121-8C9C-B508BF2893F9}.Debug|Any CPU.Build.0 = Debug|Any CPU
		{12F6CD1A-07A0-4121-8C9C-B508BF2893F9}.Release|Any CPU.ActiveCfg = Release|Any CPU
		{12F6CD1A-07A0-4121-8C9C-B508BF2893F9}.Release|Any CPU.Build.0 = Release|Any CPU
		{85712924-D1F6-47A3-B7AE-F90A4D8FF7E9}.Debug|Any CPU.ActiveCfg = Debug|Any CPU
		{85712924-D1F6-47A3-B7AE-F90A4D8FF7E9}.Debug|Any CPU.Build.0 = Debug|Any CPU
		{85712924-D1F6-47A3-B7AE-F90A4D8FF7E9}.Release|Any CPU.ActiveCfg = Release|Any CPU
		{85712924-D1F6-47A3-B7AE-F90A4D8FF7E9}.Release|Any CPU.Build.0 = Release|Any CPU
		{BE00B956-0746-41DE-80C6-7DED35EBB3E2}.Debug|Any CPU.ActiveCfg = Debug|Any CPU
		{BE00B956-0746-41DE-80C6-7DED35EBB3E2}.Debug|Any CPU.Build.0 = Debug|Any CPU
		{BE00B956-0746-41DE-80C6-7DED35EBB3E2}.Release|Any CPU.ActiveCfg = Release|Any CPU
		{BE00B956-0746-41DE-80C6-7DED35EBB3E2}.Release|Any CPU.Build.0 = Release|Any CPU
		{EBC3B2C5-9872-4423-9A64-D33D69D148EC}.Debug|Any CPU.ActiveCfg = Debug|Any CPU
		{EBC3B2C5-9872-4423-9A64-D33D69D148EC}.Debug|Any CPU.Build.0 = Debug|Any CPU
		{EBC3B2C5-9872-4423-9A64-D33D69D148EC}.Release|Any CPU.ActiveCfg = Release|Any CPU
		{EBC3B2C5-9872-4423-9A64-D33D69D148EC}.Release|Any CPU.Build.0 = Release|Any CPU
		{181D7709-7833-465F-B48D-BC6DF0D6D380}.Debug|Any CPU.ActiveCfg = Debug|Any CPU
		{181D7709-7833-465F-B48D-BC6DF0D6D380}.Debug|Any CPU.Build.0 = Debug|Any CPU
		{181D7709-7833-465F-B48D-BC6DF0D6D380}.Release|Any CPU.ActiveCfg = Release|Any CPU
		{181D7709-7833-465F-B48D-BC6DF0D6D380}.Release|Any CPU.Build.0 = Release|Any CPU
		{87A4986E-59F6-4E68-9A4F-9106285A4183}.Debug|Any CPU.ActiveCfg = Debug|Any CPU
		{87A4986E-59F6-4E68-9A4F-9106285A4183}.Debug|Any CPU.Build.0 = Debug|Any CPU
		{87A4986E-59F6-4E68-9A4F-9106285A4183}.Release|Any CPU.ActiveCfg = Release|Any CPU
		{87A4986E-59F6-4E68-9A4F-9106285A4183}.Release|Any CPU.Build.0 = Release|Any CPU
		{C45036F7-F667-4A21-8D2B-DE3C52CAA2F5}.Debug|Any CPU.ActiveCfg = Debug|Any CPU
		{C45036F7-F667-4A21-8D2B-DE3C52CAA2F5}.Debug|Any CPU.Build.0 = Debug|Any CPU
		{C45036F7-F667-4A21-8D2B-DE3C52CAA2F5}.Release|Any CPU.ActiveCfg = Release|Any CPU
		{C45036F7-F667-4A21-8D2B-DE3C52CAA2F5}.Release|Any CPU.Build.0 = Release|Any CPU
		{5A0F8BD6-370F-46ED-9EF0-E49893D82605}.Debug|Any CPU.ActiveCfg = Debug|Any CPU
		{5A0F8BD6-370F-46ED-9EF0-E49893D82605}.Debug|Any CPU.Build.0 = Debug|Any CPU
		{5A0F8BD6-370F-46ED-9EF0-E49893D82605}.Release|Any CPU.ActiveCfg = Release|Any CPU
		{5A0F8BD6-370F-46ED-9EF0-E49893D82605}.Release|Any CPU.Build.0 = Release|Any CPU
		{F817C129-9919-4310-9069-0EE6EA2D6ABA}.Debug|Any CPU.ActiveCfg = Debug|Any CPU
		{F817C129-9919-4310-9069-0EE6EA2D6ABA}.Debug|Any CPU.Build.0 = Debug|Any CPU
		{F817C129-9919-4310-9069-0EE6EA2D6ABA}.Release|Any CPU.ActiveCfg = Release|Any CPU
		{F817C129-9919-4310-9069-0EE6EA2D6ABA}.Release|Any CPU.Build.0 = Release|Any CPU
		{566439AA-1CA8-4E3F-8BDA-EC15DE94EEC7}.Debug|Any CPU.ActiveCfg = Debug|Any CPU
		{566439AA-1CA8-4E3F-8BDA-EC15DE94EEC7}.Debug|Any CPU.Build.0 = Debug|Any CPU
		{566439AA-1CA8-4E3F-8BDA-EC15DE94EEC7}.Release|Any CPU.ActiveCfg = Release|Any CPU
		{566439AA-1CA8-4E3F-8BDA-EC15DE94EEC7}.Release|Any CPU.Build.0 = Release|Any CPU
		{566185E8-3283-43FC-8C45-926BF57503C3}.Debug|Any CPU.ActiveCfg = Debug|Any CPU
		{566185E8-3283-43FC-8C45-926BF57503C3}.Debug|Any CPU.Build.0 = Debug|Any CPU
		{566185E8-3283-43FC-8C45-926BF57503C3}.Release|Any CPU.ActiveCfg = Release|Any CPU
		{566185E8-3283-43FC-8C45-926BF57503C3}.Release|Any CPU.Build.0 = Release|Any CPU
		{1D9AEDCA-5899-41CD-925B-540BBB904B95}.Debug|Any CPU.ActiveCfg = Debug|Any CPU
		{1D9AEDCA-5899-41CD-925B-540BBB904B95}.Debug|Any CPU.Build.0 = Debug|Any CPU
		{1D9AEDCA-5899-41CD-925B-540BBB904B95}.Release|Any CPU.ActiveCfg = Release|Any CPU
		{1D9AEDCA-5899-41CD-925B-540BBB904B95}.Release|Any CPU.Build.0 = Release|Any CPU
		{CF8B58E7-96AA-4F64-99C1-DCB67797FB72}.Debug|Any CPU.ActiveCfg = Debug|Any CPU
		{CF8B58E7-96AA-4F64-99C1-DCB67797FB72}.Debug|Any CPU.Build.0 = Debug|Any CPU
		{CF8B58E7-96AA-4F64-99C1-DCB67797FB72}.Release|Any CPU.ActiveCfg = Release|Any CPU
		{CF8B58E7-96AA-4F64-99C1-DCB67797FB72}.Release|Any CPU.Build.0 = Release|Any CPU
		{88DF6957-0A5D-41FF-9783-11FC2286096B}.Debug|Any CPU.ActiveCfg = Debug|Any CPU
		{88DF6957-0A5D-41FF-9783-11FC2286096B}.Debug|Any CPU.Build.0 = Debug|Any CPU
		{88DF6957-0A5D-41FF-9783-11FC2286096B}.Release|Any CPU.ActiveCfg = Release|Any CPU
		{88DF6957-0A5D-41FF-9783-11FC2286096B}.Release|Any CPU.Build.0 = Release|Any CPU
		{F7F36BAD-5157-452A-80D8-1A68B7973E31}.Debug|Any CPU.ActiveCfg = Debug|Any CPU
		{F7F36BAD-5157-452A-80D8-1A68B7973E31}.Debug|Any CPU.Build.0 = Debug|Any CPU
		{F7F36BAD-5157-452A-80D8-1A68B7973E31}.Release|Any CPU.ActiveCfg = Release|Any CPU
		{F7F36BAD-5157-452A-80D8-1A68B7973E31}.Release|Any CPU.Build.0 = Release|Any CPU
		{B9295FB9-FBEC-4A75-9520-F44F41D91E74}.Debug|Any CPU.ActiveCfg = Debug|Any CPU
		{B9295FB9-FBEC-4A75-9520-F44F41D91E74}.Debug|Any CPU.Build.0 = Debug|Any CPU
		{B9295FB9-FBEC-4A75-9520-F44F41D91E74}.Release|Any CPU.ActiveCfg = Release|Any CPU
		{B9295FB9-FBEC-4A75-9520-F44F41D91E74}.Release|Any CPU.Build.0 = Release|Any CPU
		{100F3B3F-4030-48DD-97AD-3CF8E85D8A35}.Debug|Any CPU.ActiveCfg = Debug|Any CPU
		{100F3B3F-4030-48DD-97AD-3CF8E85D8A35}.Debug|Any CPU.Build.0 = Debug|Any CPU
		{100F3B3F-4030-48DD-97AD-3CF8E85D8A35}.Release|Any CPU.ActiveCfg = Release|Any CPU
		{100F3B3F-4030-48DD-97AD-3CF8E85D8A35}.Release|Any CPU.Build.0 = Release|Any CPU
		{F05D984F-1D16-43E7-BA90-6F6B570EC570}.Debug|Any CPU.ActiveCfg = Debug|Any CPU
		{F05D984F-1D16-43E7-BA90-6F6B570EC570}.Debug|Any CPU.Build.0 = Debug|Any CPU
		{F05D984F-1D16-43E7-BA90-6F6B570EC570}.Release|Any CPU.ActiveCfg = Release|Any CPU
		{F05D984F-1D16-43E7-BA90-6F6B570EC570}.Release|Any CPU.Build.0 = Release|Any CPU
		{488DEE01-434F-442B-AAF8-513FF697F60E}.Debug|Any CPU.ActiveCfg = Debug|Any CPU
		{488DEE01-434F-442B-AAF8-513FF697F60E}.Debug|Any CPU.Build.0 = Debug|Any CPU
		{488DEE01-434F-442B-AAF8-513FF697F60E}.Release|Any CPU.ActiveCfg = Release|Any CPU
		{488DEE01-434F-442B-AAF8-513FF697F60E}.Release|Any CPU.Build.0 = Release|Any CPU
		{B622B07F-9519-4923-A305-EEED23998D5D}.Debug|Any CPU.ActiveCfg = Debug|Any CPU
		{B622B07F-9519-4923-A305-EEED23998D5D}.Debug|Any CPU.Build.0 = Debug|Any CPU
		{B622B07F-9519-4923-A305-EEED23998D5D}.Release|Any CPU.ActiveCfg = Release|Any CPU
		{B622B07F-9519-4923-A305-EEED23998D5D}.Release|Any CPU.Build.0 = Release|Any CPU
		{B204F716-36B8-4AEA-9234-DD7A761DA0B2}.Debug|Any CPU.ActiveCfg = Debug|Any CPU
		{B204F716-36B8-4AEA-9234-DD7A761DA0B2}.Debug|Any CPU.Build.0 = Debug|Any CPU
		{B204F716-36B8-4AEA-9234-DD7A761DA0B2}.Release|Any CPU.ActiveCfg = Release|Any CPU
		{B204F716-36B8-4AEA-9234-DD7A761DA0B2}.Release|Any CPU.Build.0 = Release|Any CPU
		{B7A79A93-7A29-497C-A19B-44C04B0DB06E}.Debug|Any CPU.ActiveCfg = Debug|Any CPU
		{B7A79A93-7A29-497C-A19B-44C04B0DB06E}.Debug|Any CPU.Build.0 = Debug|Any CPU
		{B7A79A93-7A29-497C-A19B-44C04B0DB06E}.Release|Any CPU.ActiveCfg = Release|Any CPU
		{B7A79A93-7A29-497C-A19B-44C04B0DB06E}.Release|Any CPU.Build.0 = Release|Any CPU
		{CD17CDC1-11D5-465F-96E6-5868CD12317C}.Debug|Any CPU.ActiveCfg = Debug|Any CPU
		{CD17CDC1-11D5-465F-96E6-5868CD12317C}.Debug|Any CPU.Build.0 = Debug|Any CPU
		{CD17CDC1-11D5-465F-96E6-5868CD12317C}.Release|Any CPU.ActiveCfg = Release|Any CPU
		{CD17CDC1-11D5-465F-96E6-5868CD12317C}.Release|Any CPU.Build.0 = Release|Any CPU
		{E158EBDE-D355-479A-B499-393F871FC7B7}.Debug|Any CPU.ActiveCfg = Debug|Any CPU
		{E158EBDE-D355-479A-B499-393F871FC7B7}.Debug|Any CPU.Build.0 = Debug|Any CPU
		{E158EBDE-D355-479A-B499-393F871FC7B7}.Release|Any CPU.ActiveCfg = Release|Any CPU
		{E158EBDE-D355-479A-B499-393F871FC7B7}.Release|Any CPU.Build.0 = Release|Any CPU
		{F7A05B18-9742-45DF-B51D-CF34F0A4D7CF}.Debug|Any CPU.ActiveCfg = Debug|Any CPU
		{F7A05B18-9742-45DF-B51D-CF34F0A4D7CF}.Debug|Any CPU.Build.0 = Debug|Any CPU
		{F7A05B18-9742-45DF-B51D-CF34F0A4D7CF}.Release|Any CPU.ActiveCfg = Release|Any CPU
		{F7A05B18-9742-45DF-B51D-CF34F0A4D7CF}.Release|Any CPU.Build.0 = Release|Any CPU
		{4E2E18D9-1816-4916-A1AE-794CAA16A6CA}.Debug|Any CPU.ActiveCfg = Debug|Any CPU
		{4E2E18D9-1816-4916-A1AE-794CAA16A6CA}.Debug|Any CPU.Build.0 = Debug|Any CPU
		{4E2E18D9-1816-4916-A1AE-794CAA16A6CA}.Release|Any CPU.ActiveCfg = Release|Any CPU
		{4E2E18D9-1816-4916-A1AE-794CAA16A6CA}.Release|Any CPU.Build.0 = Release|Any CPU
		{079229C5-1BAD-482F-9840-09ACA3668A6A}.Debug|Any CPU.ActiveCfg = Debug|Any CPU
		{079229C5-1BAD-482F-9840-09ACA3668A6A}.Debug|Any CPU.Build.0 = Debug|Any CPU
		{079229C5-1BAD-482F-9840-09ACA3668A6A}.Release|Any CPU.ActiveCfg = Release|Any CPU
		{079229C5-1BAD-482F-9840-09ACA3668A6A}.Release|Any CPU.Build.0 = Release|Any CPU
		{2DE7EC3B-E756-4ADD-8E13-4E58799E95A9}.Debug|Any CPU.ActiveCfg = Debug|Any CPU
		{2DE7EC3B-E756-4ADD-8E13-4E58799E95A9}.Debug|Any CPU.Build.0 = Debug|Any CPU
		{2DE7EC3B-E756-4ADD-8E13-4E58799E95A9}.Release|Any CPU.ActiveCfg = Release|Any CPU
		{2DE7EC3B-E756-4ADD-8E13-4E58799E95A9}.Release|Any CPU.Build.0 = Release|Any CPU
		{B2D7C6AF-B062-4A2B-B34D-3AB49E965383}.Debug|Any CPU.ActiveCfg = Debug|Any CPU
		{B2D7C6AF-B062-4A2B-B34D-3AB49E965383}.Debug|Any CPU.Build.0 = Debug|Any CPU
		{B2D7C6AF-B062-4A2B-B34D-3AB49E965383}.Release|Any CPU.ActiveCfg = Release|Any CPU
		{B2D7C6AF-B062-4A2B-B34D-3AB49E965383}.Release|Any CPU.Build.0 = Release|Any CPU
		{258333C8-273E-4AA0-99B3-AD1EBB713CAE}.Debug|Any CPU.ActiveCfg = Debug|Any CPU
		{258333C8-273E-4AA0-99B3-AD1EBB713CAE}.Debug|Any CPU.Build.0 = Debug|Any CPU
		{258333C8-273E-4AA0-99B3-AD1EBB713CAE}.Release|Any CPU.ActiveCfg = Release|Any CPU
		{258333C8-273E-4AA0-99B3-AD1EBB713CAE}.Release|Any CPU.Build.0 = Release|Any CPU
		{CE2B8B1C-26A8-45AB-8B87-9012A7D5B147}.Debug|Any CPU.ActiveCfg = Debug|Any CPU
		{CE2B8B1C-26A8-45AB-8B87-9012A7D5B147}.Debug|Any CPU.Build.0 = Debug|Any CPU
		{CE2B8B1C-26A8-45AB-8B87-9012A7D5B147}.Release|Any CPU.ActiveCfg = Release|Any CPU
		{CE2B8B1C-26A8-45AB-8B87-9012A7D5B147}.Release|Any CPU.Build.0 = Release|Any CPU
		{CEEA17C6-8E0D-4B14-AA22-6B7C77095484}.Debug|Any CPU.ActiveCfg = Debug|Any CPU
		{CEEA17C6-8E0D-4B14-AA22-6B7C77095484}.Debug|Any CPU.Build.0 = Debug|Any CPU
		{CEEA17C6-8E0D-4B14-AA22-6B7C77095484}.Release|Any CPU.ActiveCfg = Release|Any CPU
		{CEEA17C6-8E0D-4B14-AA22-6B7C77095484}.Release|Any CPU.Build.0 = Release|Any CPU
		{98187545-F633-4F13-B244-2C700A809360}.Debug|Any CPU.ActiveCfg = Debug|Any CPU
		{98187545-F633-4F13-B244-2C700A809360}.Debug|Any CPU.Build.0 = Debug|Any CPU
		{98187545-F633-4F13-B244-2C700A809360}.Release|Any CPU.ActiveCfg = Release|Any CPU
		{98187545-F633-4F13-B244-2C700A809360}.Release|Any CPU.Build.0 = Release|Any CPU
		{892FE17B-3517-4260-AD85-3BB14F59CD97}.Debug|Any CPU.ActiveCfg = Debug|Any CPU
		{892FE17B-3517-4260-AD85-3BB14F59CD97}.Debug|Any CPU.Build.0 = Debug|Any CPU
		{892FE17B-3517-4260-AD85-3BB14F59CD97}.Release|Any CPU.ActiveCfg = Release|Any CPU
		{892FE17B-3517-4260-AD85-3BB14F59CD97}.Release|Any CPU.Build.0 = Release|Any CPU
		{C6764065-CB83-41A3-9E05-6B2FCA6980C2}.Debug|Any CPU.ActiveCfg = Debug|Any CPU
		{C6764065-CB83-41A3-9E05-6B2FCA6980C2}.Debug|Any CPU.Build.0 = Debug|Any CPU
		{C6764065-CB83-41A3-9E05-6B2FCA6980C2}.Release|Any CPU.ActiveCfg = Release|Any CPU
		{C6764065-CB83-41A3-9E05-6B2FCA6980C2}.Release|Any CPU.Build.0 = Release|Any CPU
		{671F7BE1-BE9C-4F58-BECC-C474ADDB5AB8}.Debug|Any CPU.ActiveCfg = Debug|Any CPU
		{671F7BE1-BE9C-4F58-BECC-C474ADDB5AB8}.Debug|Any CPU.Build.0 = Debug|Any CPU
		{671F7BE1-BE9C-4F58-BECC-C474ADDB5AB8}.Release|Any CPU.ActiveCfg = Release|Any CPU
		{671F7BE1-BE9C-4F58-BECC-C474ADDB5AB8}.Release|Any CPU.Build.0 = Release|Any CPU
		{C24F5297-1C01-4432-B0AB-4D2F77044872}.Debug|Any CPU.ActiveCfg = Debug|Any CPU
		{C24F5297-1C01-4432-B0AB-4D2F77044872}.Debug|Any CPU.Build.0 = Debug|Any CPU
		{C24F5297-1C01-4432-B0AB-4D2F77044872}.Release|Any CPU.ActiveCfg = Release|Any CPU
		{C24F5297-1C01-4432-B0AB-4D2F77044872}.Release|Any CPU.Build.0 = Release|Any CPU
		{3A027CAB-9238-4ACE-800B-6A2156D619BE}.Debug|Any CPU.ActiveCfg = Debug|Any CPU
		{3A027CAB-9238-4ACE-800B-6A2156D619BE}.Debug|Any CPU.Build.0 = Debug|Any CPU
		{3A027CAB-9238-4ACE-800B-6A2156D619BE}.Release|Any CPU.ActiveCfg = Release|Any CPU
		{3A027CAB-9238-4ACE-800B-6A2156D619BE}.Release|Any CPU.Build.0 = Release|Any CPU
		{AF1F6237-8063-4C4F-8D02-08294688D290}.Debug|Any CPU.ActiveCfg = Debug|Any CPU
		{AF1F6237-8063-4C4F-8D02-08294688D290}.Debug|Any CPU.Build.0 = Debug|Any CPU
		{AF1F6237-8063-4C4F-8D02-08294688D290}.Release|Any CPU.ActiveCfg = Release|Any CPU
		{AF1F6237-8063-4C4F-8D02-08294688D290}.Release|Any CPU.Build.0 = Release|Any CPU
		{47F0E34D-791F-48CA-BF4A-0A193C43CD3C}.Debug|Any CPU.ActiveCfg = Debug|Any CPU
		{47F0E34D-791F-48CA-BF4A-0A193C43CD3C}.Debug|Any CPU.Build.0 = Debug|Any CPU
		{47F0E34D-791F-48CA-BF4A-0A193C43CD3C}.Release|Any CPU.ActiveCfg = Release|Any CPU
		{47F0E34D-791F-48CA-BF4A-0A193C43CD3C}.Release|Any CPU.Build.0 = Release|Any CPU
		{A132585E-A3B7-4CD9-A606-1B6C57EBF023}.Debug|Any CPU.ActiveCfg = Debug|Any CPU
		{A132585E-A3B7-4CD9-A606-1B6C57EBF023}.Debug|Any CPU.Build.0 = Debug|Any CPU
		{A132585E-A3B7-4CD9-A606-1B6C57EBF023}.Release|Any CPU.ActiveCfg = Release|Any CPU
		{A132585E-A3B7-4CD9-A606-1B6C57EBF023}.Release|Any CPU.Build.0 = Release|Any CPU
		{07E4E528-C4FF-450E-BDD8-4AF0C2634AFE}.Debug|Any CPU.ActiveCfg = Debug|Any CPU
		{07E4E528-C4FF-450E-BDD8-4AF0C2634AFE}.Debug|Any CPU.Build.0 = Debug|Any CPU
		{07E4E528-C4FF-450E-BDD8-4AF0C2634AFE}.Release|Any CPU.ActiveCfg = Release|Any CPU
		{07E4E528-C4FF-450E-BDD8-4AF0C2634AFE}.Release|Any CPU.Build.0 = Release|Any CPU
		{38549BC0-C108-4D2E-956D-2578FCCBEF19}.Debug|Any CPU.ActiveCfg = Debug|Any CPU
		{38549BC0-C108-4D2E-956D-2578FCCBEF19}.Debug|Any CPU.Build.0 = Debug|Any CPU
		{38549BC0-C108-4D2E-956D-2578FCCBEF19}.Release|Any CPU.ActiveCfg = Release|Any CPU
		{38549BC0-C108-4D2E-956D-2578FCCBEF19}.Release|Any CPU.Build.0 = Release|Any CPU
		{22903B29-E352-4E92-A612-CE95FF22A127}.Debug|Any CPU.ActiveCfg = Debug|Any CPU
		{22903B29-E352-4E92-A612-CE95FF22A127}.Debug|Any CPU.Build.0 = Debug|Any CPU
		{22903B29-E352-4E92-A612-CE95FF22A127}.Release|Any CPU.ActiveCfg = Release|Any CPU
		{22903B29-E352-4E92-A612-CE95FF22A127}.Release|Any CPU.Build.0 = Release|Any CPU
		{3FFF04F3-D1F9-4214-AA0B-B043F3964523}.Debug|Any CPU.ActiveCfg = Debug|Any CPU
		{3FFF04F3-D1F9-4214-AA0B-B043F3964523}.Debug|Any CPU.Build.0 = Debug|Any CPU
		{3FFF04F3-D1F9-4214-AA0B-B043F3964523}.Release|Any CPU.ActiveCfg = Release|Any CPU
		{3FFF04F3-D1F9-4214-AA0B-B043F3964523}.Release|Any CPU.Build.0 = Release|Any CPU
		{E9627D5D-E71C-4303-BC35-8F2B86802059}.Debug|Any CPU.ActiveCfg = Debug|Any CPU
		{E9627D5D-E71C-4303-BC35-8F2B86802059}.Debug|Any CPU.Build.0 = Debug|Any CPU
		{E9627D5D-E71C-4303-BC35-8F2B86802059}.Release|Any CPU.ActiveCfg = Release|Any CPU
		{E9627D5D-E71C-4303-BC35-8F2B86802059}.Release|Any CPU.Build.0 = Release|Any CPU
		{BFD7CC87-3C17-4BC6-9E45-CA9D586BE53E}.Debug|Any CPU.ActiveCfg = Debug|Any CPU
		{BFD7CC87-3C17-4BC6-9E45-CA9D586BE53E}.Debug|Any CPU.Build.0 = Debug|Any CPU
		{BFD7CC87-3C17-4BC6-9E45-CA9D586BE53E}.Release|Any CPU.ActiveCfg = Release|Any CPU
		{BFD7CC87-3C17-4BC6-9E45-CA9D586BE53E}.Release|Any CPU.Build.0 = Release|Any CPU
		{152C9187-6AE1-4CD9-B41B-41EE1B03A06F}.Debug|Any CPU.ActiveCfg = Debug|Any CPU
		{152C9187-6AE1-4CD9-B41B-41EE1B03A06F}.Debug|Any CPU.Build.0 = Debug|Any CPU
		{152C9187-6AE1-4CD9-B41B-41EE1B03A06F}.Release|Any CPU.ActiveCfg = Release|Any CPU
		{152C9187-6AE1-4CD9-B41B-41EE1B03A06F}.Release|Any CPU.Build.0 = Release|Any CPU
		{05A064E0-C434-407D-BD6C-A42D3D2F3847}.Debug|Any CPU.ActiveCfg = Debug|Any CPU
		{05A064E0-C434-407D-BD6C-A42D3D2F3847}.Debug|Any CPU.Build.0 = Debug|Any CPU
		{05A064E0-C434-407D-BD6C-A42D3D2F3847}.Release|Any CPU.ActiveCfg = Release|Any CPU
		{05A064E0-C434-407D-BD6C-A42D3D2F3847}.Release|Any CPU.Build.0 = Release|Any CPU
		{13830610-B98F-4608-81F6-C11826F119B8}.Debug|Any CPU.ActiveCfg = Debug|Any CPU
		{13830610-B98F-4608-81F6-C11826F119B8}.Debug|Any CPU.Build.0 = Debug|Any CPU
		{13830610-B98F-4608-81F6-C11826F119B8}.Release|Any CPU.ActiveCfg = Release|Any CPU
		{13830610-B98F-4608-81F6-C11826F119B8}.Release|Any CPU.Build.0 = Release|Any CPU
		{5851E33C-91E9-4FDD-B1AD-03EDC8A70061}.Debug|Any CPU.ActiveCfg = Debug|Any CPU
		{5851E33C-91E9-4FDD-B1AD-03EDC8A70061}.Debug|Any CPU.Build.0 = Debug|Any CPU
		{5851E33C-91E9-4FDD-B1AD-03EDC8A70061}.Release|Any CPU.ActiveCfg = Release|Any CPU
		{5851E33C-91E9-4FDD-B1AD-03EDC8A70061}.Release|Any CPU.Build.0 = Release|Any CPU
		{D05F5337-E1EA-4720-8E9C-B12D8888987A}.Debug|Any CPU.ActiveCfg = Debug|Any CPU
		{D05F5337-E1EA-4720-8E9C-B12D8888987A}.Debug|Any CPU.Build.0 = Debug|Any CPU
		{D05F5337-E1EA-4720-8E9C-B12D8888987A}.Release|Any CPU.ActiveCfg = Release|Any CPU
		{D05F5337-E1EA-4720-8E9C-B12D8888987A}.Release|Any CPU.Build.0 = Release|Any CPU
		{C7D1AD62-0554-4FE2-95F3-908A77A94022}.Debug|Any CPU.ActiveCfg = Debug|Any CPU
		{C7D1AD62-0554-4FE2-95F3-908A77A94022}.Debug|Any CPU.Build.0 = Debug|Any CPU
		{C7D1AD62-0554-4FE2-95F3-908A77A94022}.Release|Any CPU.ActiveCfg = Release|Any CPU
		{C7D1AD62-0554-4FE2-95F3-908A77A94022}.Release|Any CPU.Build.0 = Release|Any CPU
		{10B198BE-172D-4F07-8906-82724A760376}.Debug|Any CPU.ActiveCfg = Debug|Any CPU
		{10B198BE-172D-4F07-8906-82724A760376}.Debug|Any CPU.Build.0 = Debug|Any CPU
		{10B198BE-172D-4F07-8906-82724A760376}.Release|Any CPU.ActiveCfg = Release|Any CPU
		{10B198BE-172D-4F07-8906-82724A760376}.Release|Any CPU.Build.0 = Release|Any CPU
		{52250204-C58B-42A4-91D1-13C472C8C939}.Debug|Any CPU.ActiveCfg = Debug|Any CPU
		{52250204-C58B-42A4-91D1-13C472C8C939}.Debug|Any CPU.Build.0 = Debug|Any CPU
		{52250204-C58B-42A4-91D1-13C472C8C939}.Release|Any CPU.ActiveCfg = Release|Any CPU
		{52250204-C58B-42A4-91D1-13C472C8C939}.Release|Any CPU.Build.0 = Release|Any CPU
		{C6407DEF-7A8D-4E31-9294-B9211DC9BC1D}.Debug|Any CPU.ActiveCfg = Debug|Any CPU
		{C6407DEF-7A8D-4E31-9294-B9211DC9BC1D}.Debug|Any CPU.Build.0 = Debug|Any CPU
		{C6407DEF-7A8D-4E31-9294-B9211DC9BC1D}.Release|Any CPU.ActiveCfg = Release|Any CPU
		{C6407DEF-7A8D-4E31-9294-B9211DC9BC1D}.Release|Any CPU.Build.0 = Release|Any CPU
		{9F5BF6FD-458B-4D4E-ADDF-E1C800B10DA1}.Debug|Any CPU.ActiveCfg = Debug|Any CPU
		{9F5BF6FD-458B-4D4E-ADDF-E1C800B10DA1}.Debug|Any CPU.Build.0 = Debug|Any CPU
		{9F5BF6FD-458B-4D4E-ADDF-E1C800B10DA1}.Release|Any CPU.ActiveCfg = Release|Any CPU
		{9F5BF6FD-458B-4D4E-ADDF-E1C800B10DA1}.Release|Any CPU.Build.0 = Release|Any CPU
		{09C67CE7-91A8-417A-9BCB-9926D5AC0F76}.Debug|Any CPU.ActiveCfg = Debug|Any CPU
		{09C67CE7-91A8-417A-9BCB-9926D5AC0F76}.Debug|Any CPU.Build.0 = Debug|Any CPU
		{09C67CE7-91A8-417A-9BCB-9926D5AC0F76}.Release|Any CPU.ActiveCfg = Release|Any CPU
		{09C67CE7-91A8-417A-9BCB-9926D5AC0F76}.Release|Any CPU.Build.0 = Release|Any CPU
		{0C9FB50E-8406-4F14-98DA-AE7E6D1C55FE}.Debug|Any CPU.ActiveCfg = Debug|Any CPU
		{0C9FB50E-8406-4F14-98DA-AE7E6D1C55FE}.Debug|Any CPU.Build.0 = Debug|Any CPU
		{0C9FB50E-8406-4F14-98DA-AE7E6D1C55FE}.Release|Any CPU.ActiveCfg = Release|Any CPU
		{0C9FB50E-8406-4F14-98DA-AE7E6D1C55FE}.Release|Any CPU.Build.0 = Release|Any CPU
		{8795FE1D-0CFD-462A-B779-1749BE07EBCD}.Debug|Any CPU.ActiveCfg = Debug|Any CPU
		{8795FE1D-0CFD-462A-B779-1749BE07EBCD}.Debug|Any CPU.Build.0 = Debug|Any CPU
		{8795FE1D-0CFD-462A-B779-1749BE07EBCD}.Release|Any CPU.ActiveCfg = Release|Any CPU
		{8795FE1D-0CFD-462A-B779-1749BE07EBCD}.Release|Any CPU.Build.0 = Release|Any CPU
		{D8C051DC-540C-4607-89A4-8FFA5BC7635A}.Debug|Any CPU.ActiveCfg = Debug|Any CPU
		{D8C051DC-540C-4607-89A4-8FFA5BC7635A}.Debug|Any CPU.Build.0 = Debug|Any CPU
		{D8C051DC-540C-4607-89A4-8FFA5BC7635A}.Release|Any CPU.ActiveCfg = Release|Any CPU
		{D8C051DC-540C-4607-89A4-8FFA5BC7635A}.Release|Any CPU.Build.0 = Release|Any CPU
		{AD67A45D-86A2-4C55-A6C6-98C6FE13D04E}.Debug|Any CPU.ActiveCfg = Debug|Any CPU
		{AD67A45D-86A2-4C55-A6C6-98C6FE13D04E}.Debug|Any CPU.Build.0 = Debug|Any CPU
		{AD67A45D-86A2-4C55-A6C6-98C6FE13D04E}.Release|Any CPU.ActiveCfg = Release|Any CPU
		{AD67A45D-86A2-4C55-A6C6-98C6FE13D04E}.Release|Any CPU.Build.0 = Release|Any CPU
		{8CC99A98-54C0-4EA3-BC75-CE09646AEEFD}.Debug|Any CPU.ActiveCfg = Debug|Any CPU
		{8CC99A98-54C0-4EA3-BC75-CE09646AEEFD}.Debug|Any CPU.Build.0 = Debug|Any CPU
		{8CC99A98-54C0-4EA3-BC75-CE09646AEEFD}.Release|Any CPU.ActiveCfg = Release|Any CPU
		{8CC99A98-54C0-4EA3-BC75-CE09646AEEFD}.Release|Any CPU.Build.0 = Release|Any CPU
		{855A8C1E-370F-48CF-9C2B-D5A40C6653FB}.Debug|Any CPU.ActiveCfg = Debug|Any CPU
		{855A8C1E-370F-48CF-9C2B-D5A40C6653FB}.Debug|Any CPU.Build.0 = Debug|Any CPU
		{855A8C1E-370F-48CF-9C2B-D5A40C6653FB}.Release|Any CPU.ActiveCfg = Release|Any CPU
		{855A8C1E-370F-48CF-9C2B-D5A40C6653FB}.Release|Any CPU.Build.0 = Release|Any CPU
		{5B90C4B4-B884-4ED4-8F29-8B7F8345F09E}.Debug|Any CPU.ActiveCfg = Debug|Any CPU
		{5B90C4B4-B884-4ED4-8F29-8B7F8345F09E}.Debug|Any CPU.Build.0 = Debug|Any CPU
		{5B90C4B4-B884-4ED4-8F29-8B7F8345F09E}.Release|Any CPU.ActiveCfg = Release|Any CPU
		{5B90C4B4-B884-4ED4-8F29-8B7F8345F09E}.Release|Any CPU.Build.0 = Release|Any CPU
		{E4C574C2-A668-4555-B2EC-C4E51C0CA222}.Debug|Any CPU.ActiveCfg = Debug|Any CPU
		{E4C574C2-A668-4555-B2EC-C4E51C0CA222}.Debug|Any CPU.Build.0 = Debug|Any CPU
		{E4C574C2-A668-4555-B2EC-C4E51C0CA222}.Release|Any CPU.ActiveCfg = Release|Any CPU
		{E4C574C2-A668-4555-B2EC-C4E51C0CA222}.Release|Any CPU.Build.0 = Release|Any CPU
		{0B59314F-68FC-40FE-859F-41BE22550E55}.Debug|Any CPU.ActiveCfg = Debug|Any CPU
		{0B59314F-68FC-40FE-859F-41BE22550E55}.Debug|Any CPU.Build.0 = Debug|Any CPU
		{0B59314F-68FC-40FE-859F-41BE22550E55}.Release|Any CPU.ActiveCfg = Release|Any CPU
		{0B59314F-68FC-40FE-859F-41BE22550E55}.Release|Any CPU.Build.0 = Release|Any CPU
		{AEDA57E1-4994-4121-B79E-2F89DF211B2F}.Debug|Any CPU.ActiveCfg = Debug|Any CPU
		{AEDA57E1-4994-4121-B79E-2F89DF211B2F}.Debug|Any CPU.Build.0 = Debug|Any CPU
		{AEDA57E1-4994-4121-B79E-2F89DF211B2F}.Release|Any CPU.ActiveCfg = Release|Any CPU
		{AEDA57E1-4994-4121-B79E-2F89DF211B2F}.Release|Any CPU.Build.0 = Release|Any CPU
		{C1546585-9AAB-4802-AF82-299A9419C3E5}.Debug|Any CPU.ActiveCfg = Debug|Any CPU
		{C1546585-9AAB-4802-AF82-299A9419C3E5}.Debug|Any CPU.Build.0 = Debug|Any CPU
		{C1546585-9AAB-4802-AF82-299A9419C3E5}.Release|Any CPU.ActiveCfg = Release|Any CPU
		{C1546585-9AAB-4802-AF82-299A9419C3E5}.Release|Any CPU.Build.0 = Release|Any CPU
		{A5967F0A-A961-4866-8D04-18D5B9A05830}.Debug|Any CPU.ActiveCfg = Debug|Any CPU
		{A5967F0A-A961-4866-8D04-18D5B9A05830}.Debug|Any CPU.Build.0 = Debug|Any CPU
		{A5967F0A-A961-4866-8D04-18D5B9A05830}.Release|Any CPU.ActiveCfg = Release|Any CPU
		{A5967F0A-A961-4866-8D04-18D5B9A05830}.Release|Any CPU.Build.0 = Release|Any CPU
		{32643020-5D60-4C26-B005-23154592B539}.Debug|Any CPU.ActiveCfg = Debug|Any CPU
		{32643020-5D60-4C26-B005-23154592B539}.Debug|Any CPU.Build.0 = Debug|Any CPU
		{32643020-5D60-4C26-B005-23154592B539}.Release|Any CPU.ActiveCfg = Release|Any CPU
		{32643020-5D60-4C26-B005-23154592B539}.Release|Any CPU.Build.0 = Release|Any CPU
		{315CD2B3-F239-452E-A9DC-AE78023855D2}.Debug|Any CPU.ActiveCfg = Debug|Any CPU
		{315CD2B3-F239-452E-A9DC-AE78023855D2}.Debug|Any CPU.Build.0 = Debug|Any CPU
		{315CD2B3-F239-452E-A9DC-AE78023855D2}.Release|Any CPU.ActiveCfg = Release|Any CPU
		{315CD2B3-F239-452E-A9DC-AE78023855D2}.Release|Any CPU.Build.0 = Release|Any CPU
		{E551F96E-9D97-44F4-AF10-AB9DEC9E7D68}.Debug|Any CPU.ActiveCfg = Debug|Any CPU
		{E551F96E-9D97-44F4-AF10-AB9DEC9E7D68}.Debug|Any CPU.Build.0 = Debug|Any CPU
		{E551F96E-9D97-44F4-AF10-AB9DEC9E7D68}.Release|Any CPU.ActiveCfg = Release|Any CPU
		{E551F96E-9D97-44F4-AF10-AB9DEC9E7D68}.Release|Any CPU.Build.0 = Release|Any CPU
		{2D474E1A-36B0-4343-9FF0-D5BBFFFD31B9}.Debug|Any CPU.ActiveCfg = Debug|Any CPU
		{2D474E1A-36B0-4343-9FF0-D5BBFFFD31B9}.Debug|Any CPU.Build.0 = Debug|Any CPU
		{2D474E1A-36B0-4343-9FF0-D5BBFFFD31B9}.Release|Any CPU.ActiveCfg = Release|Any CPU
		{2D474E1A-36B0-4343-9FF0-D5BBFFFD31B9}.Release|Any CPU.Build.0 = Release|Any CPU
		{F5C605F1-BC9C-4745-BCB2-0C0C13C845B5}.Debug|Any CPU.ActiveCfg = Debug|Any CPU
		{F5C605F1-BC9C-4745-BCB2-0C0C13C845B5}.Debug|Any CPU.Build.0 = Debug|Any CPU
		{F5C605F1-BC9C-4745-BCB2-0C0C13C845B5}.Release|Any CPU.ActiveCfg = Release|Any CPU
		{F5C605F1-BC9C-4745-BCB2-0C0C13C845B5}.Release|Any CPU.Build.0 = Release|Any CPU
		{22DCCBC6-A0AC-4B13-8C51-3A8309442273}.Debug|Any CPU.ActiveCfg = Debug|Any CPU
		{22DCCBC6-A0AC-4B13-8C51-3A8309442273}.Debug|Any CPU.Build.0 = Debug|Any CPU
		{22DCCBC6-A0AC-4B13-8C51-3A8309442273}.Release|Any CPU.ActiveCfg = Release|Any CPU
		{22DCCBC6-A0AC-4B13-8C51-3A8309442273}.Release|Any CPU.Build.0 = Release|Any CPU
		{D31CEF4B-62D7-4E55-A6A4-060C8F36828D}.Debug|Any CPU.ActiveCfg = Debug|Any CPU
		{D31CEF4B-62D7-4E55-A6A4-060C8F36828D}.Debug|Any CPU.Build.0 = Debug|Any CPU
		{D31CEF4B-62D7-4E55-A6A4-060C8F36828D}.Release|Any CPU.ActiveCfg = Release|Any CPU
		{D31CEF4B-62D7-4E55-A6A4-060C8F36828D}.Release|Any CPU.Build.0 = Release|Any CPU
		{21722CDC-0BBC-4D59-A145-71E0141AC4FB}.Debug|Any CPU.ActiveCfg = Debug|Any CPU
		{21722CDC-0BBC-4D59-A145-71E0141AC4FB}.Debug|Any CPU.Build.0 = Debug|Any CPU
		{21722CDC-0BBC-4D59-A145-71E0141AC4FB}.Release|Any CPU.ActiveCfg = Release|Any CPU
		{21722CDC-0BBC-4D59-A145-71E0141AC4FB}.Release|Any CPU.Build.0 = Release|Any CPU
		{C8226A2F-3ECE-4277-925E-FBEC89D40D83}.Debug|Any CPU.ActiveCfg = Debug|Any CPU
		{C8226A2F-3ECE-4277-925E-FBEC89D40D83}.Debug|Any CPU.Build.0 = Debug|Any CPU
		{C8226A2F-3ECE-4277-925E-FBEC89D40D83}.Release|Any CPU.ActiveCfg = Release|Any CPU
		{C8226A2F-3ECE-4277-925E-FBEC89D40D83}.Release|Any CPU.Build.0 = Release|Any CPU
		{34CF72D1-B47F-4869-9CC0-C4E9B7609E31}.Debug|Any CPU.ActiveCfg = Debug|Any CPU
		{34CF72D1-B47F-4869-9CC0-C4E9B7609E31}.Debug|Any CPU.Build.0 = Debug|Any CPU
		{34CF72D1-B47F-4869-9CC0-C4E9B7609E31}.Release|Any CPU.ActiveCfg = Release|Any CPU
		{34CF72D1-B47F-4869-9CC0-C4E9B7609E31}.Release|Any CPU.Build.0 = Release|Any CPU
		{1D9DBC52-54A0-4A77-ACD1-BC31F4C0664D}.Debug|Any CPU.ActiveCfg = Debug|Any CPU
		{1D9DBC52-54A0-4A77-ACD1-BC31F4C0664D}.Debug|Any CPU.Build.0 = Debug|Any CPU
		{1D9DBC52-54A0-4A77-ACD1-BC31F4C0664D}.Release|Any CPU.ActiveCfg = Release|Any CPU
		{1D9DBC52-54A0-4A77-ACD1-BC31F4C0664D}.Release|Any CPU.Build.0 = Release|Any CPU
		{C5C946B8-754F-455D-9D64-8CD451871776}.Debug|Any CPU.ActiveCfg = Debug|Any CPU
		{C5C946B8-754F-455D-9D64-8CD451871776}.Debug|Any CPU.Build.0 = Debug|Any CPU
		{C5C946B8-754F-455D-9D64-8CD451871776}.Release|Any CPU.ActiveCfg = Release|Any CPU
		{C5C946B8-754F-455D-9D64-8CD451871776}.Release|Any CPU.Build.0 = Release|Any CPU
		{CCAADDFB-94F7-42D9-9C92-745F4857A777}.Debug|Any CPU.ActiveCfg = Debug|Any CPU
		{CCAADDFB-94F7-42D9-9C92-745F4857A777}.Debug|Any CPU.Build.0 = Debug|Any CPU
		{CCAADDFB-94F7-42D9-9C92-745F4857A777}.Release|Any CPU.ActiveCfg = Release|Any CPU
		{CCAADDFB-94F7-42D9-9C92-745F4857A777}.Release|Any CPU.Build.0 = Release|Any CPU
		{3912AF94-2632-4791-9B64-893E4C99707F}.Debug|Any CPU.ActiveCfg = Debug|Any CPU
		{3912AF94-2632-4791-9B64-893E4C99707F}.Debug|Any CPU.Build.0 = Debug|Any CPU
		{3912AF94-2632-4791-9B64-893E4C99707F}.Release|Any CPU.ActiveCfg = Release|Any CPU
		{3912AF94-2632-4791-9B64-893E4C99707F}.Release|Any CPU.Build.0 = Release|Any CPU
		{C84A3886-C653-4D87-8E8F-3C7AE7A6FD1E}.Debug|Any CPU.ActiveCfg = Debug|Any CPU
		{C84A3886-C653-4D87-8E8F-3C7AE7A6FD1E}.Debug|Any CPU.Build.0 = Debug|Any CPU
		{C84A3886-C653-4D87-8E8F-3C7AE7A6FD1E}.Debug|Any CPU.Deploy.0 = Debug|Any CPU
		{C84A3886-C653-4D87-8E8F-3C7AE7A6FD1E}.Release|Any CPU.ActiveCfg = Release|Any CPU
		{C84A3886-C653-4D87-8E8F-3C7AE7A6FD1E}.Release|Any CPU.Build.0 = Release|Any CPU
		{C84A3886-C653-4D87-8E8F-3C7AE7A6FD1E}.Release|Any CPU.Deploy.0 = Release|Any CPU
		{29456E71-A4AF-4A72-B3A5-AD339D44544E}.Debug|Any CPU.ActiveCfg = Debug|Any CPU
		{29456E71-A4AF-4A72-B3A5-AD339D44544E}.Debug|Any CPU.Build.0 = Debug|Any CPU
		{29456E71-A4AF-4A72-B3A5-AD339D44544E}.Release|Any CPU.ActiveCfg = Release|Any CPU
		{29456E71-A4AF-4A72-B3A5-AD339D44544E}.Release|Any CPU.Build.0 = Release|Any CPU
		{47836B84-CB46-496C-8229-17A342A780D4}.Debug|Any CPU.ActiveCfg = Debug|Any CPU
		{47836B84-CB46-496C-8229-17A342A780D4}.Debug|Any CPU.Build.0 = Debug|Any CPU
		{47836B84-CB46-496C-8229-17A342A780D4}.Release|Any CPU.ActiveCfg = Release|Any CPU
		{47836B84-CB46-496C-8229-17A342A780D4}.Release|Any CPU.Build.0 = Release|Any CPU
		{71879872-75D5-4B80-BAD2-70C57B5535C1}.Debug|Any CPU.ActiveCfg = Debug|Any CPU
		{71879872-75D5-4B80-BAD2-70C57B5535C1}.Debug|Any CPU.Build.0 = Debug|Any CPU
		{71879872-75D5-4B80-BAD2-70C57B5535C1}.Release|Any CPU.ActiveCfg = Release|Any CPU
		{71879872-75D5-4B80-BAD2-70C57B5535C1}.Release|Any CPU.Build.0 = Release|Any CPU
		{99FC415A-1712-47F7-ABB6-54C733123C8F}.Debug|Any CPU.ActiveCfg = Debug|Any CPU
		{99FC415A-1712-47F7-ABB6-54C733123C8F}.Debug|Any CPU.Build.0 = Debug|Any CPU
		{99FC415A-1712-47F7-ABB6-54C733123C8F}.Release|Any CPU.ActiveCfg = Release|Any CPU
		{99FC415A-1712-47F7-ABB6-54C733123C8F}.Release|Any CPU.Build.0 = Release|Any CPU
		{809347F6-F67C-480E-8FD9-81D43F1C368C}.Debug|Any CPU.ActiveCfg = Debug|Any CPU
		{809347F6-F67C-480E-8FD9-81D43F1C368C}.Debug|Any CPU.Build.0 = Debug|Any CPU
		{809347F6-F67C-480E-8FD9-81D43F1C368C}.Release|Any CPU.ActiveCfg = Release|Any CPU
		{809347F6-F67C-480E-8FD9-81D43F1C368C}.Release|Any CPU.Build.0 = Release|Any CPU
		{E981633F-AD52-4E17-9535-F6BF685AFC3A}.Debug|Any CPU.ActiveCfg = Debug|Any CPU
		{E981633F-AD52-4E17-9535-F6BF685AFC3A}.Debug|Any CPU.Build.0 = Debug|Any CPU
		{E981633F-AD52-4E17-9535-F6BF685AFC3A}.Release|Any CPU.ActiveCfg = Release|Any CPU
		{E981633F-AD52-4E17-9535-F6BF685AFC3A}.Release|Any CPU.Build.0 = Release|Any CPU
		{5C7B3EDC-3861-4438-96E3-B3285D2926B0}.Debug|Any CPU.ActiveCfg = Debug|Any CPU
		{5C7B3EDC-3861-4438-96E3-B3285D2926B0}.Debug|Any CPU.Build.0 = Debug|Any CPU
		{5C7B3EDC-3861-4438-96E3-B3285D2926B0}.Release|Any CPU.ActiveCfg = Release|Any CPU
		{5C7B3EDC-3861-4438-96E3-B3285D2926B0}.Release|Any CPU.Build.0 = Release|Any CPU
		{A50F3901-F854-46C9-B9C3-5EF2769F7173}.Debug|Any CPU.ActiveCfg = Debug|Any CPU
		{A50F3901-F854-46C9-B9C3-5EF2769F7173}.Debug|Any CPU.Build.0 = Debug|Any CPU
		{A50F3901-F854-46C9-B9C3-5EF2769F7173}.Release|Any CPU.ActiveCfg = Release|Any CPU
		{A50F3901-F854-46C9-B9C3-5EF2769F7173}.Release|Any CPU.Build.0 = Release|Any CPU
		{88945D6D-2A31-4713-BE71-40CEA14413CF}.Debug|Any CPU.ActiveCfg = Debug|Any CPU
		{88945D6D-2A31-4713-BE71-40CEA14413CF}.Debug|Any CPU.Build.0 = Debug|Any CPU
		{88945D6D-2A31-4713-BE71-40CEA14413CF}.Release|Any CPU.ActiveCfg = Release|Any CPU
		{88945D6D-2A31-4713-BE71-40CEA14413CF}.Release|Any CPU.Build.0 = Release|Any CPU
		{783F3B12-F2A1-44CD-B5B4-FCF52B83FB6A}.Debug|Any CPU.ActiveCfg = Debug|Any CPU
		{783F3B12-F2A1-44CD-B5B4-FCF52B83FB6A}.Debug|Any CPU.Build.0 = Debug|Any CPU
		{783F3B12-F2A1-44CD-B5B4-FCF52B83FB6A}.Release|Any CPU.ActiveCfg = Release|Any CPU
		{783F3B12-F2A1-44CD-B5B4-FCF52B83FB6A}.Release|Any CPU.Build.0 = Release|Any CPU
		{0979953F-76C6-4384-A48C-7C95F604E08D}.Debug|Any CPU.ActiveCfg = Debug|Any CPU
		{0979953F-76C6-4384-A48C-7C95F604E08D}.Debug|Any CPU.Build.0 = Debug|Any CPU
		{0979953F-76C6-4384-A48C-7C95F604E08D}.Release|Any CPU.ActiveCfg = Release|Any CPU
		{0979953F-76C6-4384-A48C-7C95F604E08D}.Release|Any CPU.Build.0 = Release|Any CPU
	EndGlobalSection
	GlobalSection(SolutionProperties) = preSolution
		HideSolutionNode = FALSE
	EndGlobalSection
	GlobalSection(NestedProjects) = preSolution
		{553CAC1E-B790-4498-8229-52EC989B962F} = {58C15618-C6EE-4A83-AAF5-5615A2D1D49C}
		{7F072443-C694-48EB-8741-429C4116CDB7} = {58C15618-C6EE-4A83-AAF5-5615A2D1D49C}
		{9DA2A501-739E-4A63-8B8A-9E1B2C933611} = {58C15618-C6EE-4A83-AAF5-5615A2D1D49C}
		{667068A7-829D-412E-831E-94851D97163C} = {223A958A-4E48-4616-8D43-9D7B2C976E53}
		{9BBFF865-6B4C-4BCE-A011-AE5F7F45474C} = {223A958A-4E48-4616-8D43-9D7B2C976E53}
		{B7EAD62F-773E-4337-A378-47AF96F93B0C} = {223A958A-4E48-4616-8D43-9D7B2C976E53}
		{E1D073D2-D2A4-4B22-A184-5A4DBB4FAE3D} = {223A958A-4E48-4616-8D43-9D7B2C976E53}
		{6E135F9C-FC24-40A8-98DB-9F0292A26060} = {223A958A-4E48-4616-8D43-9D7B2C976E53}
		{9E3D0DBC-1725-4A74-9EF0-C91F23D7A02A} = {223A958A-4E48-4616-8D43-9D7B2C976E53}
		{BB7643B8-6292-4802-AE37-5862F2FFAB53} = {138E5B1D-F539-4132-88D2-E3992778B19F}
		{8ABE543A-A61B-4567-A64D-D8F7D5DE9C2B} = {223A958A-4E48-4616-8D43-9D7B2C976E53}
		{10D1C0B3-958C-47F7-9117-3194142ECCE1} = {223A958A-4E48-4616-8D43-9D7B2C976E53}
		{9A2071A6-91EB-4B3F-9B80-B3E1C406D2E8} = {223A958A-4E48-4616-8D43-9D7B2C976E53}
		{6FF3DC94-F8DA-4C7A-A522-20BBC603D597} = {223A958A-4E48-4616-8D43-9D7B2C976E53}
		{7604682C-BD8A-44AA-A8C3-99FDE69A149B} = {223A958A-4E48-4616-8D43-9D7B2C976E53}
		{D5F896D7-E75F-41FA-816E-E3D937A15F93} = {223A958A-4E48-4616-8D43-9D7B2C976E53}
		{61B59BF8-FEF1-4848-8A9F-C9AA1029E8EB} = {223A958A-4E48-4616-8D43-9D7B2C976E53}
		{12F6CD1A-07A0-4121-8C9C-B508BF2893F9} = {223A958A-4E48-4616-8D43-9D7B2C976E53}
		{85712924-D1F6-47A3-B7AE-F90A4D8FF7E9} = {138E5B1D-F539-4132-88D2-E3992778B19F}
		{BE00B956-0746-41DE-80C6-7DED35EBB3E2} = {138E5B1D-F539-4132-88D2-E3992778B19F}
		{EBC3B2C5-9872-4423-9A64-D33D69D148EC} = {223A958A-4E48-4616-8D43-9D7B2C976E53}
		{181D7709-7833-465F-B48D-BC6DF0D6D380} = {223A958A-4E48-4616-8D43-9D7B2C976E53}
		{87A4986E-59F6-4E68-9A4F-9106285A4183} = {138E5B1D-F539-4132-88D2-E3992778B19F}
		{C45036F7-F667-4A21-8D2B-DE3C52CAA2F5} = {223A958A-4E48-4616-8D43-9D7B2C976E53}
		{5A0F8BD6-370F-46ED-9EF0-E49893D82605} = {138E5B1D-F539-4132-88D2-E3992778B19F}
		{F817C129-9919-4310-9069-0EE6EA2D6ABA} = {223A958A-4E48-4616-8D43-9D7B2C976E53}
		{566439AA-1CA8-4E3F-8BDA-EC15DE94EEC7} = {138E5B1D-F539-4132-88D2-E3992778B19F}
		{566185E8-3283-43FC-8C45-926BF57503C3} = {223A958A-4E48-4616-8D43-9D7B2C976E53}
		{1D9AEDCA-5899-41CD-925B-540BBB904B95} = {138E5B1D-F539-4132-88D2-E3992778B19F}
		{CF8B58E7-96AA-4F64-99C1-DCB67797FB72} = {223A958A-4E48-4616-8D43-9D7B2C976E53}
		{88DF6957-0A5D-41FF-9783-11FC2286096B} = {138E5B1D-F539-4132-88D2-E3992778B19F}
		{F7F36BAD-5157-452A-80D8-1A68B7973E31} = {223A958A-4E48-4616-8D43-9D7B2C976E53}
		{B9295FB9-FBEC-4A75-9520-F44F41D91E74} = {138E5B1D-F539-4132-88D2-E3992778B19F}
		{100F3B3F-4030-48DD-97AD-3CF8E85D8A35} = {58C15618-C6EE-4A83-AAF5-5615A2D1D49C}
		{F05D984F-1D16-43E7-BA90-6F6B570EC570} = {DABFC529-1B23-446A-BECF-AC42EC8F61DB}
		{488DEE01-434F-442B-AAF8-513FF697F60E} = {138E5B1D-F539-4132-88D2-E3992778B19F}
		{B622B07F-9519-4923-A305-EEED23998D5D} = {DABFC529-1B23-446A-BECF-AC42EC8F61DB}
		{B204F716-36B8-4AEA-9234-DD7A761DA0B2} = {138E5B1D-F539-4132-88D2-E3992778B19F}
		{B7A79A93-7A29-497C-A19B-44C04B0DB06E} = {DABFC529-1B23-446A-BECF-AC42EC8F61DB}
		{CD17CDC1-11D5-465F-96E6-5868CD12317C} = {DABFC529-1B23-446A-BECF-AC42EC8F61DB}
		{E158EBDE-D355-479A-B499-393F871FC7B7} = {138E5B1D-F539-4132-88D2-E3992778B19F}
		{F7A05B18-9742-45DF-B51D-CF34F0A4D7CF} = {223A958A-4E48-4616-8D43-9D7B2C976E53}
		{4E2E18D9-1816-4916-A1AE-794CAA16A6CA} = {138E5B1D-F539-4132-88D2-E3992778B19F}
		{079229C5-1BAD-482F-9840-09ACA3668A6A} = {DABFC529-1B23-446A-BECF-AC42EC8F61DB}
		{2DE7EC3B-E756-4ADD-8E13-4E58799E95A9} = {DABFC529-1B23-446A-BECF-AC42EC8F61DB}
		{B2D7C6AF-B062-4A2B-B34D-3AB49E965383} = {138E5B1D-F539-4132-88D2-E3992778B19F}
		{258333C8-273E-4AA0-99B3-AD1EBB713CAE} = {DABFC529-1B23-446A-BECF-AC42EC8F61DB}
		{CE2B8B1C-26A8-45AB-8B87-9012A7D5B147} = {138E5B1D-F539-4132-88D2-E3992778B19F}
		{CEEA17C6-8E0D-4B14-AA22-6B7C77095484} = {DABFC529-1B23-446A-BECF-AC42EC8F61DB}
		{98187545-F633-4F13-B244-2C700A809360} = {A4E85B80-FEEA-4340-A7D8-0AEBC2C1222F}
		{A4E85B80-FEEA-4340-A7D8-0AEBC2C1222F} = {E894442D-4655-48CA-BC06-2F9DF26A0ED4}
		{892FE17B-3517-4260-AD85-3BB14F59CD97} = {A4E85B80-FEEA-4340-A7D8-0AEBC2C1222F}
		{C6764065-CB83-41A3-9E05-6B2FCA6980C2} = {E894442D-4655-48CA-BC06-2F9DF26A0ED4}
		{671F7BE1-BE9C-4F58-BECC-C474ADDB5AB8} = {E894442D-4655-48CA-BC06-2F9DF26A0ED4}
		{C24F5297-1C01-4432-B0AB-4D2F77044872} = {58C15618-C6EE-4A83-AAF5-5615A2D1D49C}
		{3A027CAB-9238-4ACE-800B-6A2156D619BE} = {58C15618-C6EE-4A83-AAF5-5615A2D1D49C}
		{AF1F6237-8063-4C4F-8D02-08294688D290} = {E894442D-4655-48CA-BC06-2F9DF26A0ED4}
		{47F0E34D-791F-48CA-BF4A-0A193C43CD3C} = {223A958A-4E48-4616-8D43-9D7B2C976E53}
		{A132585E-A3B7-4CD9-A606-1B6C57EBF023} = {138E5B1D-F539-4132-88D2-E3992778B19F}
		{07E4E528-C4FF-450E-BDD8-4AF0C2634AFE} = {223A958A-4E48-4616-8D43-9D7B2C976E53}
		{38549BC0-C108-4D2E-956D-2578FCCBEF19} = {138E5B1D-F539-4132-88D2-E3992778B19F}
		{22903B29-E352-4E92-A612-CE95FF22A127} = {223A958A-4E48-4616-8D43-9D7B2C976E53}
		{3FFF04F3-D1F9-4214-AA0B-B043F3964523} = {138E5B1D-F539-4132-88D2-E3992778B19F}
		{E9627D5D-E71C-4303-BC35-8F2B86802059} = {223A958A-4E48-4616-8D43-9D7B2C976E53}
		{BFD7CC87-3C17-4BC6-9E45-CA9D586BE53E} = {E894442D-4655-48CA-BC06-2F9DF26A0ED4}
		{152C9187-6AE1-4CD9-B41B-41EE1B03A06F} = {223A958A-4E48-4616-8D43-9D7B2C976E53}
		{05A064E0-C434-407D-BD6C-A42D3D2F3847} = {138E5B1D-F539-4132-88D2-E3992778B19F}
		{13830610-B98F-4608-81F6-C11826F119B8} = {223A958A-4E48-4616-8D43-9D7B2C976E53}
		{5851E33C-91E9-4FDD-B1AD-03EDC8A70061} = {58C15618-C6EE-4A83-AAF5-5615A2D1D49C}
		{D05F5337-E1EA-4720-8E9C-B12D8888987A} = {223A958A-4E48-4616-8D43-9D7B2C976E53}
		{C7D1AD62-0554-4FE2-95F3-908A77A94022} = {138E5B1D-F539-4132-88D2-E3992778B19F}
		{10B198BE-172D-4F07-8906-82724A760376} = {223A958A-4E48-4616-8D43-9D7B2C976E53}
		{52250204-C58B-42A4-91D1-13C472C8C939} = {138E5B1D-F539-4132-88D2-E3992778B19F}
		{C6407DEF-7A8D-4E31-9294-B9211DC9BC1D} = {DABFC529-1B23-446A-BECF-AC42EC8F61DB}
		{9F5BF6FD-458B-4D4E-ADDF-E1C800B10DA1} = {138E5B1D-F539-4132-88D2-E3992778B19F}
		{09C67CE7-91A8-417A-9BCB-9926D5AC0F76} = {223A958A-4E48-4616-8D43-9D7B2C976E53}
		{0C9FB50E-8406-4F14-98DA-AE7E6D1C55FE} = {138E5B1D-F539-4132-88D2-E3992778B19F}
		{8795FE1D-0CFD-462A-B779-1749BE07EBCD} = {DABFC529-1B23-446A-BECF-AC42EC8F61DB}
		{D8C051DC-540C-4607-89A4-8FFA5BC7635A} = {138E5B1D-F539-4132-88D2-E3992778B19F}
		{AD67A45D-86A2-4C55-A6C6-98C6FE13D04E} = {2745F794-94BA-4E12-B6F5-77FD9563C0E7}
		{8CC99A98-54C0-4EA3-BC75-CE09646AEEFD} = {DABFC529-1B23-446A-BECF-AC42EC8F61DB}
		{855A8C1E-370F-48CF-9C2B-D5A40C6653FB} = {E894442D-4655-48CA-BC06-2F9DF26A0ED4}
		{5B90C4B4-B884-4ED4-8F29-8B7F8345F09E} = {E894442D-4655-48CA-BC06-2F9DF26A0ED4}
		{E4C574C2-A668-4555-B2EC-C4E51C0CA222} = {E894442D-4655-48CA-BC06-2F9DF26A0ED4}
		{0B59314F-68FC-40FE-859F-41BE22550E55} = {E894442D-4655-48CA-BC06-2F9DF26A0ED4}
		{AEDA57E1-4994-4121-B79E-2F89DF211B2F} = {2745F794-94BA-4E12-B6F5-77FD9563C0E7}
		{C1546585-9AAB-4802-AF82-299A9419C3E5} = {138E5B1D-F539-4132-88D2-E3992778B19F}
		{A5967F0A-A961-4866-8D04-18D5B9A05830} = {E894442D-4655-48CA-BC06-2F9DF26A0ED4}
		{32643020-5D60-4C26-B005-23154592B539} = {2745F794-94BA-4E12-B6F5-77FD9563C0E7}
		{315CD2B3-F239-452E-A9DC-AE78023855D2} = {58C15618-C6EE-4A83-AAF5-5615A2D1D49C}
		{E551F96E-9D97-44F4-AF10-AB9DEC9E7D68} = {58C15618-C6EE-4A83-AAF5-5615A2D1D49C}
		{2D474E1A-36B0-4343-9FF0-D5BBFFFD31B9} = {093F3B51-F66B-4BF3-B38B-FC1F85832D41}
		{F5C605F1-BC9C-4745-BCB2-0C0C13C845B5} = {093F3B51-F66B-4BF3-B38B-FC1F85832D41}
		{22DCCBC6-A0AC-4B13-8C51-3A8309442273} = {093F3B51-F66B-4BF3-B38B-FC1F85832D41}
		{D31CEF4B-62D7-4E55-A6A4-060C8F36828D} = {138E5B1D-F539-4132-88D2-E3992778B19F}
		{21722CDC-0BBC-4D59-A145-71E0141AC4FB} = {138E5B1D-F539-4132-88D2-E3992778B19F}
		{C8226A2F-3ECE-4277-925E-FBEC89D40D83} = {093F3B51-F66B-4BF3-B38B-FC1F85832D41}
		{34CF72D1-B47F-4869-9CC0-C4E9B7609E31} = {093F3B51-F66B-4BF3-B38B-FC1F85832D41}
		{1D9DBC52-54A0-4A77-ACD1-BC31F4C0664D} = {093F3B51-F66B-4BF3-B38B-FC1F85832D41}
		{C5C946B8-754F-455D-9D64-8CD451871776} = {093F3B51-F66B-4BF3-B38B-FC1F85832D41}
		{CCAADDFB-94F7-42D9-9C92-745F4857A777} = {4F081839-1BD5-4F35-8AFB-8577AC64C36C}
		{3912AF94-2632-4791-9B64-893E4C99707F} = {E894442D-4655-48CA-BC06-2F9DF26A0ED4}
		{C84A3886-C653-4D87-8E8F-3C7AE7A6FD1E} = {4F081839-1BD5-4F35-8AFB-8577AC64C36C}
		{29456E71-A4AF-4A72-B3A5-AD339D44544E} = {4F081839-1BD5-4F35-8AFB-8577AC64C36C}
		{47836B84-CB46-496C-8229-17A342A780D4} = {4F081839-1BD5-4F35-8AFB-8577AC64C36C}
		{71879872-75D5-4B80-BAD2-70C57B5535C1} = {4F081839-1BD5-4F35-8AFB-8577AC64C36C}
		{99FC415A-1712-47F7-ABB6-54C733123C8F} = {E894442D-4655-48CA-BC06-2F9DF26A0ED4}
		{809347F6-F67C-480E-8FD9-81D43F1C368C} = {4F081839-1BD5-4F35-8AFB-8577AC64C36C}
		{E981633F-AD52-4E17-9535-F6BF685AFC3A} = {DABFC529-1B23-446A-BECF-AC42EC8F61DB}
		{5C7B3EDC-3861-4438-96E3-B3285D2926B0} = {E894442D-4655-48CA-BC06-2F9DF26A0ED4}
		{A50F3901-F854-46C9-B9C3-5EF2769F7173} = {CAF64126-369B-4978-9846-C7FDD2738925}
		{88945D6D-2A31-4713-BE71-40CEA14413CF} = {CAF64126-369B-4978-9846-C7FDD2738925}
		{783F3B12-F2A1-44CD-B5B4-FCF52B83FB6A} = {DABFC529-1B23-446A-BECF-AC42EC8F61DB}
	EndGlobalSection
	GlobalSection(ExtensibilityGlobals) = postSolution
		SolutionGuid = {8FB66E39-947C-4D9A-983A-7EB840B03078}
	EndGlobalSection
EndGlobal
